<?xml version="1.0" encoding="utf-8"?>
<Project ToolsVersion="4.0" xmlns="http://schemas.microsoft.com/developer/msbuild/2003">
  <ItemGroup>
    <FxCompile Include="Engine\Shader\DefaultPixelShader.hlsl">
      <Filter>Other</Filter>
    </FxCompile>
    <FxCompile Include="Engine\Shader\DefaultVertexShader.hlsl">
      <Filter>Other</Filter>
    </FxCompile>
    <FxCompile Include="Engine\Shader\PostProcess.hlsl" />
  </ItemGroup>
  <ItemGroup>
    <ClCompile Include="Engine\Actor\Actor.cpp">
      <Filter>Other</Filter>
    </ClCompile>
    <ClCompile Include="Engine\Actor\Component\ActorComponent.cpp">
      <Filter>Other</Filter>
    </ClCompile>
    <ClCompile Include="Engine\Audio\AudioManager.cpp">
      <Filter>Other</Filter>
    </ClCompile>
    <ClCompile Include="Engine\Math\Bounds.cpp">
      <Filter>Other</Filter>
    </ClCompile>
    <ClCompile Include="Engine\Actor\Component\BoxColliderComponent.cpp">
      <Filter>Other</Filter>
    </ClCompile>
    <ClCompile Include="Engine\Actor\Component\CircleColliderComponent.cpp">
      <Filter>Other</Filter>
    </ClCompile>
    <ClCompile Include="Client.cpp">
      <Filter>Other</Filter>
    </ClCompile>
    <ClCompile Include="Engine\Actor\Component\ColliderComponent.cpp">
      <Filter>Other</Filter>
    </ClCompile>
    <ClCompile Include="Engine\Math\Color.cpp">
      <Filter>Other</Filter>
    </ClCompile>
    <ClCompile Include="Engine\Core.cpp">
      <Filter>Other</Filter>
    </ClCompile>
    <ClCompile Include="Engine\GameEngine.cpp">
      <Filter>Other</Filter>
    </ClCompile>
    <ClCompile Include="Include\imgui\imgui.cpp">
      <Filter>Other</Filter>
    </ClCompile>
    <ClCompile Include="Include\imgui\imgui_demo.cpp">
      <Filter>Other</Filter>
    </ClCompile>
    <ClCompile Include="Include\imgui\imgui_draw.cpp">
      <Filter>Other</Filter>
    </ClCompile>
    <ClCompile Include="Include\imgui\imgui_impl_dx11.cpp">
      <Filter>Other</Filter>
    </ClCompile>
    <ClCompile Include="Include\imgui\imgui_impl_win32.cpp">
      <Filter>Other</Filter>
    </ClCompile>
    <ClCompile Include="Include\imgui\imgui_tables.cpp">
      <Filter>Other</Filter>
    </ClCompile>
    <ClCompile Include="Include\imgui\imgui_widgets.cpp">
      <Filter>Other</Filter>
    </ClCompile>
    <ClCompile Include="Engine\Windows\DX\IndexBuffer.cpp">
      <Filter>Other</Filter>
    </ClCompile>
    <ClCompile Include="Engine\Input\Keyboard.cpp">
      <Filter>Other</Filter>
    </ClCompile>
    <ClCompile Include="Engine\Level\Level.cpp">
      <Filter>Other</Filter>
    </ClCompile>
    <ClCompile Include="Engine\Math\Math.cpp">
      <Filter>Other</Filter>
    </ClCompile>
    <ClCompile Include="Engine\Windows\DX\Renderer.cpp">
      <Filter>Other</Filter>
    </ClCompile>
    <ClCompile Include="Engine\Windows\DX\Shaders.cpp">
      <Filter>Other</Filter>
    </ClCompile>
    <ClCompile Include="Engine\Windows\DX\Shape.cpp">
      <Filter>Other</Filter>
    </ClCompile>
    <ClCompile Include="Engine\Windows\DX\ShapeBatch.cpp">
      <Filter>Other</Filter>
    </ClCompile>
    <ClCompile Include="Engine\Windows\DX\Sprite.cpp">
      <Filter>Other</Filter>
    </ClCompile>
    <ClCompile Include="Engine\Windows\DX\Texture.cpp">
      <Filter>Other</Filter>
    </ClCompile>
    <ClCompile Include="Engine\Actor\Component\Tilemap\TilemapChunk.cpp">
      <Filter>Other</Filter>
    </ClCompile>
    <ClCompile Include="Engine\Actor\Component\Tilemap\TilemapComponent.cpp">
      <Filter>Other</Filter>
    </ClCompile>
    <ClCompile Include="Engine\Actor\Component\Tilemap\TilemapLayer.cpp">
      <Filter>Other</Filter>
    </ClCompile>
    <ClCompile Include="Engine\Time\Time.cpp">
      <Filter>Other</Filter>
    </ClCompile>
    <ClCompile Include="Engine\Time\TimerManager.cpp">
      <Filter>Other</Filter>
    </ClCompile>
    <ClCompile Include="Engine\Actor\Component\TransformComponent.cpp">
      <Filter>Other</Filter>
    </ClCompile>
    <ClCompile Include="Engine\Math\Vector2.cpp">
      <Filter>Other</Filter>
    </ClCompile>
    <ClCompile Include="Engine\Windows\DX\VertexBuffer.cpp">
      <Filter>Other</Filter>
    </ClCompile>
    <ClCompile Include="Engine\Windows\WindowsApplication.cpp">
      <Filter>Other</Filter>
    </ClCompile>
    <ClCompile Include="Engine\Windows\WindowsWindow.cpp">
      <Filter>Other</Filter>
    </ClCompile>
    <ClCompile Include="Engine\Level\World.cpp">
      <Filter>Other</Filter>
    </ClCompile>
    <ClCompile Include="Engine\Actor\Component\Animator\AnimatorComponent.cpp">
      <Filter>Animation</Filter>
    </ClCompile>
    <ClCompile Include="Engine\Actor\Component\SpriteRendererComponent.cpp">
      <Filter>Animation</Filter>
    </ClCompile>
    <ClCompile Include="Engine\Input\Mouse.cpp" />
    <ClCompile Include="pch.cpp" />
    <ClCompile Include="Engine\Math\Rect.cpp" />
    <ClCompile Include="Engine\Actor\Component\CapsuleColliderComponent.cpp" />
    <ClCompile Include="Engine\Actor\Component\RigidBody2DComponent.cpp" />
    <ClCompile Include="Engine\Physics\Physics2D.cpp" />
    <ClCompile Include="Engine\Audio\Audio.cpp" />
    <ClCompile Include="Engine\Data\RegistryHelper.cpp" />
    <ClCompile Include="Engine\DebugDrawHelper.cpp" />
    <ClCompile Include="Engine\Event\EventManager.cpp" />
    <ClCompile Include="Engine\Logger.cpp" />
    <ClCompile Include="Engine\PhysicsDebugDrawHelper.cpp" />
    <ClCompile Include="Engine\Data\CSVReader.cpp" />
    <ClCompile Include="Include\rttr\policy.cpp" />
    <ClCompile Include="Engine\Data\FileHelper.cpp" />
    <ClCompile Include="Engine\Actor\Component\Animator\AnimationPack.cpp" />
    <ClCompile Include="Engine\Actor\Component\Tilemap\TilemapChunkArray.cpp" />
    <ClCompile Include="Engine\EngineSettings.cpp" />
    <ClCompile Include="Engine\Level\CameraManager.cpp" />
    <ClCompile Include="Engine\Asset\Asset.cpp" />
    <ClCompile Include="Engine\Asset\AssetManager.cpp" />
    <ClCompile Include="Game\Actors\Characters\CharacterBase.cpp" />
    <ClCompile Include="Game\Actors\Characters\Player\PlayerCharacter.cpp" />
    <ClCompile Include="Game\Actors\Editor\Editor.cpp" />
    <ClCompile Include="Game\ProjectSettings.cpp" />
    <ClCompile Include="Engine\Actor\Component\Animator\AnimationCondition.cpp" />
    <ClCompile Include="Engine\Actor\Component\Animator\AnimationTransition.cpp" />
    <ClCompile Include="Engine\GameInstance.cpp" />
    <ClCompile Include="Game\Actors\Components\BehaviorTreeComponent.cpp" />
    <ClCompile Include="Game\Actors\Components\StateMachineComponent.cpp" />
    <ClCompile Include="Game\Blackboard\Blackboard.cpp" />
    <ClCompile Include="Game\Blackboard\BlackboardEntry.cpp" />
    <ClCompile Include="Game\Blackboard\BlackboardKey.cpp" />
    <ClCompile Include="Game\BT\Actions\ActionStrategy.cpp" />
    <ClCompile Include="Game\BT\Actions\ConditionStrategy.cpp" />
    <ClCompile Include="Game\BT\Actions\Leaf.cpp" />
    <ClCompile Include="Game\BT\Actions\Wait.cpp" />
    <ClCompile Include="Game\BT\Actions\WaitRange.cpp" />
    <ClCompile Include="Game\BT\BehaviorTree.cpp" />
    <ClCompile Include="Game\BT\Composites\Composite.cpp" />
    <ClCompile Include="Game\BT\Composites\RandomSelector.cpp" />
    <ClCompile Include="Game\BT\Composites\Selector.cpp" />
    <ClCompile Include="Game\BT\Composites\Sequence.cpp" />
    <ClCompile Include="Game\BT\Decorators\Abort.cpp" />
    <ClCompile Include="Game\BT\Decorators\Decorator.cpp" />
    <ClCompile Include="Game\BT\Decorators\Inverter.cpp" />
    <ClCompile Include="Game\BT\Decorators\Repeat.cpp" />
    <ClCompile Include="Game\BT\Decorators\Start.cpp" />
    <ClCompile Include="Game\BT\Decorators\TimeOut.cpp" />
    <ClCompile Include="Game\BT\Node.cpp" />
    <ClCompile Include="Game\FSM\Condition.cpp" />
    <ClCompile Include="Game\FSM\StateMachine.cpp" />
    <ClCompile Include="Game\FSM\Transition.cpp" />
    <ClCompile Include="Game\Subsystems\SessionSubsystem.cpp" />
    <ClCompile Include="Game\Subsystems\NetworkSubsystem.cpp" />
    <ClCompile Include="Game\Actors\NetworkActor.cpp" />
    <ClCompile Include="Game\Maps\LoginMap.cpp" />
    <ClCompile Include="Engine\Actor\Component\Tilemap\Tilemap.cpp" />
    <ClCompile Include="Engine\Misc\StringHelper.cpp" />
    <ClCompile Include="Engine\Subsystem\GameInstanceSubsystem.cpp" />
    <ClCompile Include="Engine\Subsystem\Subsystem.cpp" />
    <ClCompile Include="Engine\Subsystem\Tickable.cpp" />
    <ClCompile Include="Engine\Subsystem\WorldSubsystem.cpp" />
    <ClCompile Include="Engine\UI\Element\UIText.cpp" />
    <ClCompile Include="Engine\UI\UI.cpp" />
    <ClCompile Include="Engine\UI\UIContainer.cpp" />
    <ClCompile Include="Engine\UI\UIElement.cpp" />
    <ClCompile Include="Engine\UI\UIState.cpp" />
    <ClCompile Include="Game\Actors\Characters\Components\Controller2DComponent.cpp" />
    <ClCompile Include="Game\Actors\Characters\NPC.cpp" />
    <ClCompile Include="Game\Actors\TilemapLoader.cpp" />
    <ClCompile Include="Game\UI\Element\Inventory\UIInventory.cpp" />
    <ClCompile Include="Game\UI\UILoginState.cpp" />
    <ClCompile Include="Engine\UI\Element\UIImage.cpp" />
    <ClCompile Include="Game\UI\Element\Inventory\UIInventorySlot.cpp" />
    <ClCompile Include="Game\Inventory\Inventory.cpp" />
    <ClCompile Include="Game\Maps\EditorMap.cpp" />
    <ClCompile Include="Game\PacketHandlers\SelectCharacterHandler.cpp" />
    <ClCompile Include="Game\Subsystems\PlayerSubsystem.cpp" />
    <ClCompile Include="Game\UI\UIInGameState.cpp" />
    <ClCompile Include="Game\PacketHandlers\PartyMemberChangedHandler.cpp" />
    <ClCompile Include="Game\PacketHandlers\PartyLeaveHandler.cpp" />
    <ClCompile Include="Game\PacketHandlers\PartyMemberStatChangedHandler.cpp" />
    <ClCompile Include="Game\Subsystems\PartySubsystem.cpp" />
    <ClCompile Include="Game\UI\Element\UIPartyPanel.cpp" />
    <ClCompile Include="Game\UI\Element\UIPartyMemberRow.cpp" />
    <ClCompile Include="Engine\Actor\Portal.cpp" />
    <ClCompile Include="Engine\Audio\ChannelGroup.cpp" />
    <ClCompile Include="Engine\UI\Element\ColorPicker\UIColorPicker.cpp" />
    <ClCompile Include="Engine\UI\Element\ColorPicker\UIHueSlider.cpp" />
    <ClCompile Include="Engine\UI\Element\ColorPicker\UIPalette.cpp" />
    <ClCompile Include="Engine\UI\Element\UISlider.cpp" />
    <ClCompile Include="Engine\UI\Element\UIButton.cpp" />
    <ClCompile Include="Engine\UI\Element\UIEditableText.cpp" />
    <ClCompile Include="Engine\UI\Element\UIMask.cpp" />
    <ClCompile Include="Engine\UI\Element\UIScrollBox.cpp" />
    <ClCompile Include="Engine\Windows\DX\OutlineRenderer.cpp" />
    <ClCompile Include="Engine\Windows\DX\UISprite.cpp" />
    <ClCompile Include="Game\Actors\Characters\Player\State\PlayerDeathState.cpp" />
    <ClCompile Include="Game\Actors\Characters\Player\State\PlayerFallState.cpp" />
    <ClCompile Include="Game\Actors\Characters\Player\State\PlayerIdleState.cpp" />
    <ClCompile Include="Game\Actors\Characters\Player\State\PlayerStateBase.cpp" />
    <ClCompile Include="Game\Actors\Characters\Player\State\PlayerWalkState.cpp" />
    <ClCompile Include="Game\Actors\Damage.cpp" />
    <ClCompile Include="Game\Actors\DroppedItem.cpp" />
    <ClCompile Include="Game\Actors\Mobs\MobBase.cpp" />
    <ClCompile Include="Game\Actors\ServerActor.cpp" />
    <ClCompile Include="Game\Components\DamageRendererComponent.cpp" />
    <ClCompile Include="Game\Maps\GameMap.cpp" />
    <ClCompile Include="Game\PacketHandlers\ChatMessageHandler.cpp" />
    <ClCompile Include="Game\PacketHandlers\CheckNameHandler.cpp" />
    <ClCompile Include="Game\PacketHandlers\ColorGainHandler.cpp" />
    <ClCompile Include="Game\PacketHandlers\CreateCharacterHandler.cpp" />
    <ClCompile Include="Game\PacketHandlers\DeleteCharacterHandler.cpp" />
    <ClCompile Include="Game\PacketHandlers\InventoryUpdateHandler.cpp" />
    <ClCompile Include="Game\PacketHandlers\ObjectDestroyHandler.cpp" />
    <ClCompile Include="Game\PacketHandlers\LoginHandler.cpp" />
    <ClCompile Include="Game\PacketHandlers\MapLoadHandler.cpp" />
    <ClCompile Include="Game\PacketHandlers\MovePlayerHandler.cpp" />
    <ClCompile Include="Game\PacketHandlers\ObjectPositionHandler.cpp" />
    <ClCompile Include="Game\PacketHandlers\ObjectAnimationHandler.cpp" />
    <ClCompile Include="Game\PacketHandlers\PartyInviteNotifyHandler.cpp" />
    <ClCompile Include="Game\PacketHandlers\PartyJoinHandler.cpp" />
    <ClCompile Include="Game\PacketHandlers\PlayerAnimationHandler.cpp" />
    <ClCompile Include="Game\PacketHandlers\PlayerDeathHandler.cpp" />
    <ClCompile Include="Game\PacketHandlers\PlayerStatsUpdateHandler.cpp" />
    <ClCompile Include="Game\PacketHandlers\PopupHandler.cpp" />
    <ClCompile Include="Game\PacketHandlers\ObjectSpawnHandler.cpp" />
    <ClCompile Include="Game\PacketHandlers\TakeDamageHandler.cpp" />
    <ClCompile Include="Game\Subsystems\DataSubsystem.cpp" />
    <ClCompile Include="Game\Subsystems\GameSubsystem.cpp" />
    <ClCompile Include="Game\Subsystems\ObjectPool\IPoolable.cpp" />
    <ClCompile Include="Game\Subsystems\ObjectPool\ObjectPoolSubsystem.cpp" />
    <ClCompile Include="Game\Subsystems\Publisher\EventData.cpp" />
    <ClCompile Include="Game\Subsystems\Publisher\ISubscriber.cpp" />
    <ClCompile Include="Game\Subsystems\Publisher\PublisherSubsystem.cpp" />
    <ClCompile Include="Game\UI\Element\CharacterSelect\UICharacterSelect.cpp" />
    <ClCompile Include="Game\UI\Element\CharacterSelect\UICharacterSlot.cpp" />
    <ClCompile Include="Game\UI\Element\Inventory\UIItemTooltip.cpp" />
    <ClCompile Include="Game\UI\Element\UICharacterCreate.cpp" />
    <ClCompile Include="Game\UI\Element\UIChatBalloon.cpp" />
    <ClCompile Include="Game\UI\Element\UIChatBar.cpp" />
    <ClCompile Include="Game\UI\Element\UIContextMenu.cpp" />
    <ClCompile Include="Game\UI\Element\UILogin.cpp" />
    <ClCompile Include="Game\UI\Element\UIMenu.cpp" />
    <ClCompile Include="Game\UI\Element\UIMiniMap.cpp" />
    <ClCompile Include="Game\UI\Element\UINameTag.cpp" />
    <ClCompile Include="Game\UI\Element\UIPopup.cpp" />
    <ClCompile Include="Game\UI\Element\UIStatusBar.cpp" />
    <ClCompile Include="Game\Utils\TimedBool.cpp" />
  </ItemGroup>
  <ItemGroup>
    <ClInclude Include="Engine\Actor\Actor.h">
      <Filter>Other</Filter>
    </ClInclude>
    <ClInclude Include="Engine\Actor\Component\ActorComponent.h">
      <Filter>Other</Filter>
    </ClInclude>
    <ClInclude Include="Include\DirectXTK\Audio.h">
      <Filter>Other</Filter>
    </ClInclude>
    <ClInclude Include="Engine\Audio\AudioManager.h">
      <Filter>Other</Filter>
    </ClInclude>
    <ClInclude Include="Engine\Math\Bounds.h">
      <Filter>Other</Filter>
    </ClInclude>
    <ClInclude Include="Engine\Actor\Component\BoxColliderComponent.h">
      <Filter>Other</Filter>
    </ClInclude>
    <ClInclude Include="Include\DirectXTK\BufferHelpers.h">
      <Filter>Other</Filter>
    </ClInclude>
    <ClInclude Include="Engine\Actor\Component\CircleColliderComponent.h">
      <Filter>Other</Filter>
    </ClInclude>
    <ClInclude Include="Client.h">
      <Filter>Other</Filter>
    </ClInclude>
    <ClInclude Include="Engine\Actor\Component\ColliderComponent.h">
      <Filter>Other</Filter>
    </ClInclude>
    <ClInclude Include="Engine\Math\Color.h">
      <Filter>Other</Filter>
    </ClInclude>
    <ClInclude Include="Include\DirectXTK\CommonStates.h">
      <Filter>Other</Filter>
    </ClInclude>
    <ClInclude Include="Include\tmxlite\Config.hpp">
      <Filter>Other</Filter>
    </ClInclude>
    <ClInclude Include="Engine\Windows\DX\ConstantBuffer.h">
      <Filter>Other</Filter>
    </ClInclude>
    <ClInclude Include="Engine\Core.h">
      <Filter>Other</Filter>
    </ClInclude>
    <ClInclude Include="Include\DirectXTK\DDSTextureLoader.h">
      <Filter>Other</Filter>
    </ClInclude>
    <ClInclude Include="Engine\Misc\Delegate.h">
      <Filter>Other</Filter>
    </ClInclude>
    <ClInclude Include="Engine\Misc\DelegateMacros.h">
      <Filter>Other</Filter>
    </ClInclude>
    <ClInclude Include="Include\DirectXTK\DirectXHelpers.h">
      <Filter>Other</Filter>
    </ClInclude>
    <ClInclude Include="Include\DirectXTK\Effects.h">
      <Filter>Other</Filter>
    </ClInclude>
    <ClInclude Include="Engine\Misc\EngineMacros.h">
      <Filter>Other</Filter>
    </ClInclude>
    <ClInclude Include="Include\FMOD\fmod.h">
      <Filter>Other</Filter>
    </ClInclude>
    <ClInclude Include="Include\FMOD\fmod.hpp">
      <Filter>Other</Filter>
    </ClInclude>
    <ClInclude Include="Include\FMOD\fmod_codec.h">
      <Filter>Other</Filter>
    </ClInclude>
    <ClInclude Include="Include\FMOD\fmod_common.h">
      <Filter>Other</Filter>
    </ClInclude>
    <ClInclude Include="Include\FMOD\fmod_dsp.h">
      <Filter>Other</Filter>
    </ClInclude>
    <ClInclude Include="Include\FMOD\fmod_dsp_effects.h">
      <Filter>Other</Filter>
    </ClInclude>
    <ClInclude Include="Include\FMOD\fmod_errors.h">
      <Filter>Other</Filter>
    </ClInclude>
    <ClInclude Include="Include\FMOD\fmod_output.h">
      <Filter>Other</Filter>
    </ClInclude>
    <ClInclude Include="framework.h">
      <Filter>Other</Filter>
    </ClInclude>
    <ClInclude Include="Include\tmxlite\FreeFuncs.hpp">
      <Filter>Other</Filter>
    </ClInclude>
    <ClInclude Include="Engine\Misc\Function.h">
      <Filter>Other</Filter>
    </ClInclude>
    <ClInclude Include="Engine\GameEngine.h">
      <Filter>Other</Filter>
    </ClInclude>
    <ClInclude Include="Include\DirectXTK\GamePad.h">
      <Filter>Other</Filter>
    </ClInclude>
    <ClInclude Include="Include\DirectXTK\GeometricPrimitive.h">
      <Filter>Other</Filter>
    </ClInclude>
    <ClInclude Include="Include\DirectXTK\GraphicsMemory.h">
      <Filter>Other</Filter>
    </ClInclude>
    <ClInclude Include="Include\tmxlite\ImageLayer.hpp">
      <Filter>Other</Filter>
    </ClInclude>
    <ClInclude Include="Include\imgui\imconfig.h">
      <Filter>Other</Filter>
    </ClInclude>
    <ClInclude Include="Include\imgui\imgui.h">
      <Filter>Other</Filter>
    </ClInclude>
    <ClInclude Include="Include\imgui\imgui_impl_dx11.h">
      <Filter>Other</Filter>
    </ClInclude>
    <ClInclude Include="Include\imgui\imgui_impl_win32.h">
      <Filter>Other</Filter>
    </ClInclude>
    <ClInclude Include="Include\imgui\imgui_internal.h">
      <Filter>Other</Filter>
    </ClInclude>
    <ClInclude Include="Include\imgui\imstb_rectpack.h">
      <Filter>Other</Filter>
    </ClInclude>
    <ClInclude Include="Include\imgui\imstb_textedit.h">
      <Filter>Other</Filter>
    </ClInclude>
    <ClInclude Include="Include\imgui\imstb_truetype.h">
      <Filter>Other</Filter>
    </ClInclude>
    <ClInclude Include="Engine\Windows\DX\IndexBuffer.h">
      <Filter>Other</Filter>
    </ClInclude>
    <ClInclude Include="Include\DirectXTK\Keyboard.h">
      <Filter>Other</Filter>
    </ClInclude>
    <ClInclude Include="Engine\Input\Keyboard.h">
      <Filter>Other</Filter>
    </ClInclude>
    <ClInclude Include="Include\tmxlite\Layer.hpp">
      <Filter>Other</Filter>
    </ClInclude>
    <ClInclude Include="Include\tmxlite\LayerGroup.hpp">
      <Filter>Other</Filter>
    </ClInclude>
    <ClInclude Include="Engine\Level\Level.h">
      <Filter>Other</Filter>
    </ClInclude>
    <ClInclude Include="Include\tmxlite\Map.hpp">
      <Filter>Other</Filter>
    </ClInclude>
    <ClInclude Include="Engine\Math\Math.h">
      <Filter>Other</Filter>
    </ClInclude>
    <ClInclude Include="Include\DirectXTK\Model.h">
      <Filter>Other</Filter>
    </ClInclude>
    <ClInclude Include="Include\DirectXTK\Mouse.h">
      <Filter>Other</Filter>
    </ClInclude>
    <ClInclude Include="Include\tmxlite\Object.hpp">
      <Filter>Other</Filter>
    </ClInclude>
    <ClInclude Include="Include\tmxlite\ObjectGroup.hpp">
      <Filter>Other</Filter>
    </ClInclude>
    <ClInclude Include="Include\tmxlite\ObjectTypes.hpp">
      <Filter>Other</Filter>
    </ClInclude>
    <ClInclude Include="Include\DirectXTK\PostProcess.h">
      <Filter>Other</Filter>
    </ClInclude>
    <ClInclude Include="Include\DirectXTK\PrimitiveBatch.h">
      <Filter>Other</Filter>
    </ClInclude>
    <ClInclude Include="Game\ProjectSettings.h">
      <Filter>Other</Filter>
    </ClInclude>
    <ClInclude Include="Include\tmxlite\Property.hpp">
      <Filter>Other</Filter>
    </ClInclude>
    <ClInclude Include="Engine\Windows\DX\Renderer.h">
      <Filter>Other</Filter>
    </ClInclude>
    <ClInclude Include="resource.h">
      <Filter>Other</Filter>
    </ClInclude>
    <ClInclude Include="Include\DirectXTK\ScreenGrab.h">
      <Filter>Other</Filter>
    </ClInclude>
    <ClInclude Include="Engine\Windows\DX\Shaders.h">
      <Filter>Other</Filter>
    </ClInclude>
    <ClInclude Include="Engine\Windows\DX\Shape.h">
      <Filter>Other</Filter>
    </ClInclude>
    <ClInclude Include="Engine\Windows\DX\ShapeBatch.h">
      <Filter>Other</Filter>
    </ClInclude>
    <ClInclude Include="Include\DirectXTK\SimpleMath.h">
      <Filter>Other</Filter>
    </ClInclude>
    <ClInclude Include="Include\DirectXTK\SimpleMath.inl">
      <Filter>Other</Filter>
    </ClInclude>
    <ClInclude Include="Engine\Singleton.h">
      <Filter>Other</Filter>
    </ClInclude>
    <ClInclude Include="Engine\Windows\DX\Sprite.h">
      <Filter>Other</Filter>
    </ClInclude>
    <ClInclude Include="Include\DirectXTK\SpriteBatch.h">
      <Filter>Other</Filter>
    </ClInclude>
    <ClInclude Include="Include\DirectXTK\SpriteFont.h">
      <Filter>Other</Filter>
    </ClInclude>
    <ClInclude Include="targetver.h">
      <Filter>Other</Filter>
    </ClInclude>
    <ClInclude Include="Engine\Windows\DX\Texture.h">
      <Filter>Other</Filter>
    </ClInclude>
    <ClInclude Include="Include\tmxlite\TileLayer.hpp">
      <Filter>Other</Filter>
    </ClInclude>
    <ClInclude Include="Engine\Actor\Component\Tilemap\TilemapChunk.h">
      <Filter>Other</Filter>
    </ClInclude>
    <ClInclude Include="Engine\Actor\Component\Tilemap\TilemapComponent.h">
      <Filter>Other</Filter>
    </ClInclude>
    <ClInclude Include="Engine\Actor\Component\Tilemap\TilemapLayer.h">
      <Filter>Other</Filter>
    </ClInclude>
    <ClInclude Include="Include\tmxlite\Tileset.hpp">
      <Filter>Other</Filter>
    </ClInclude>
    <ClInclude Include="Engine\Time\Time.h">
      <Filter>Other</Filter>
    </ClInclude>
    <ClInclude Include="Engine\Time\TimerManager.h">
      <Filter>Other</Filter>
    </ClInclude>
    <ClInclude Include="Engine\Actor\Component\TransformComponent.h">
      <Filter>Other</Filter>
    </ClInclude>
    <ClInclude Include="Include\tmxlite\Types.hpp">
      <Filter>Other</Filter>
    </ClInclude>
    <ClInclude Include="Include\tmxlite\Types.inl">
      <Filter>Other</Filter>
    </ClInclude>
    <ClInclude Include="Engine\Math\Vector2.h">
      <Filter>Other</Filter>
    </ClInclude>
    <ClInclude Include="Engine\Windows\DX\Vertex.h">
      <Filter>Other</Filter>
    </ClInclude>
    <ClInclude Include="Engine\Windows\DX\VertexBuffer.h">
      <Filter>Other</Filter>
    </ClInclude>
    <ClInclude Include="Include\DirectXTK\VertexTypes.h">
      <Filter>Other</Filter>
    </ClInclude>
    <ClInclude Include="Include\DirectXTK\WICTextureLoader.h">
      <Filter>Other</Filter>
    </ClInclude>
    <ClInclude Include="Engine\Windows\WindowDefinition.h">
      <Filter>Other</Filter>
    </ClInclude>
    <ClInclude Include="Engine\Windows\WindowsApplication.h">
      <Filter>Other</Filter>
    </ClInclude>
    <ClInclude Include="Engine\Windows\WindowsWindow.h">
      <Filter>Other</Filter>
    </ClInclude>
    <ClInclude Include="Engine\Level\World.h">
      <Filter>Other</Filter>
    </ClInclude>
    <ClInclude Include="Include\DirectXTK\XboxDDSTextureLoader.h">
      <Filter>Other</Filter>
    </ClInclude>
    <ClInclude Include="Engine\Actor\Component\Animator\AnimatorComponent.h">
      <Filter>Animation</Filter>
    </ClInclude>
    <ClInclude Include="Engine\Actor\Component\SpriteRendererComponent.h">
      <Filter>Animation</Filter>
    </ClInclude>
    <ClInclude Include="Engine\Input\Mouse.h" />
    <ClInclude Include="pch.h" />
    <ClInclude Include="Engine\Math\Rect.h" />
    <ClInclude Include="Engine\Actor\Component\CapsuleColliderComponent.h" />
    <ClInclude Include="Engine\Actor\Component\RigidBody2DComponent.h" />
    <ClInclude Include="Engine\Physics\Physics2D.h" />
    <ClInclude Include="Engine\Audio\Audio.h" />
    <ClInclude Include="Engine\Data\RegistryHelper.h" />
    <ClInclude Include="Engine\DebugDrawHelper.h" />
    <ClInclude Include="Engine\Event\EventManager.h" />
    <ClInclude Include="Engine\Event\Events.h" />
    <ClInclude Include="Engine\Logger.h" />
    <ClInclude Include="Engine\PhysicsDebugDrawHelper.h" />
    <ClInclude Include="Include\rttr\access_levels.h" />
    <ClInclude Include="Include\rttr\argument.h" />
    <ClInclude Include="Include\rttr\array_range.h" />
    <ClInclude Include="Include\rttr\associative_mapper.h" />
    <ClInclude Include="Include\rttr\constructor.h" />
    <ClInclude Include="Include\rttr\destructor.h" />
    <ClInclude Include="Include\rttr\detail\base\core_prerequisites.h" />
    <ClInclude Include="Include\rttr\detail\base\version.h" />
    <ClInclude Include="Include\rttr\detail\comparison\comparable_types.h" />
    <ClInclude Include="Include\rttr\detail\comparison\compare_array_equal.h" />
    <ClInclude Include="Include\rttr\detail\comparison\compare_array_equal_impl.h" />
    <ClInclude Include="Include\rttr\detail\comparison\compare_array_less.h" />
    <ClInclude Include="Include\rttr\detail\comparison\compare_array_less_impl.h" />
    <ClInclude Include="Include\rttr\detail\comparison\compare_equal.h" />
    <ClInclude Include="Include\rttr\detail\comparison\compare_equal_impl.h" />
    <ClInclude Include="Include\rttr\detail\comparison\compare_less.h" />
    <ClInclude Include="Include\rttr\detail\comparison\compare_less_impl.h" />
    <ClInclude Include="Include\rttr\detail\constructor\constructor_invoker.h" />
    <ClInclude Include="Include\rttr\detail\constructor\constructor_wrapper.h" />
    <ClInclude Include="Include\rttr\detail\constructor\constructor_wrapper_base.h" />
    <ClInclude Include="Include\rttr\detail\constructor\constructor_wrapper_defaults.h" />
    <ClInclude Include="Include\rttr\detail\conversion\number_conversion.h" />
    <ClInclude Include="Include\rttr\detail\conversion\std_conversion_functions.h" />
    <ClInclude Include="Include\rttr\detail\default_arguments\default_arguments.h" />
    <ClInclude Include="Include\rttr\detail\default_arguments\invoke_with_defaults.h" />
    <ClInclude Include="Include\rttr\detail\destructor\destructor_wrapper.h" />
    <ClInclude Include="Include\rttr\detail\destructor\destructor_wrapper_base.h" />
    <ClInclude Include="Include\rttr\detail\enumeration\enumeration_helper.h" />
    <ClInclude Include="Include\rttr\detail\enumeration\enumeration_wrapper.h" />
    <ClInclude Include="Include\rttr\detail\enumeration\enumeration_wrapper_base.h" />
    <ClInclude Include="Include\rttr\detail\enumeration\enum_data.h" />
    <ClInclude Include="Include\rttr\detail\filter\filter_item_funcs.h" />
    <ClInclude Include="Include\rttr\detail\impl\argument_impl.h" />
    <ClInclude Include="Include\rttr\detail\impl\array_range_impl.h" />
    <ClInclude Include="Include\rttr\detail\impl\associative_mapper_impl.h" />
    <ClInclude Include="Include\rttr\detail\impl\enum_flags_impl.h" />
    <ClInclude Include="Include\rttr\detail\impl\instance_impl.h" />
    <ClInclude Include="Include\rttr\detail\impl\rttr_cast_impl.h" />
    <ClInclude Include="Include\rttr\detail\impl\sequential_mapper_impl.h" />
    <ClInclude Include="Include\rttr\detail\impl\string_view_impl.h" />
    <ClInclude Include="Include\rttr\detail\impl\wrapper_mapper_impl.h" />
    <ClInclude Include="Include\rttr\detail\metadata\metadata.h" />
    <ClInclude Include="Include\rttr\detail\metadata\metadata_handler.h" />
    <ClInclude Include="Include\rttr\detail\method\method_accessor.h" />
    <ClInclude Include="Include\rttr\detail\method\method_invoker.h" />
    <ClInclude Include="Include\rttr\detail\method\method_wrapper.h" />
    <ClInclude Include="Include\rttr\detail\method\method_wrapper_base.h" />
    <ClInclude Include="Include\rttr\detail\misc\argument_extractor.h" />
    <ClInclude Include="Include\rttr\detail\misc\argument_wrapper.h" />
    <ClInclude Include="Include\rttr\detail\misc\class_item_mapper.h" />
    <ClInclude Include="Include\rttr\detail\misc\data_address_container.h" />
    <ClInclude Include="Include\rttr\detail\misc\flat_map.h" />
    <ClInclude Include="Include\rttr\detail\misc\flat_multimap.h" />
    <ClInclude Include="Include\rttr\detail\misc\function_traits.h" />
    <ClInclude Include="Include\rttr\detail\misc\iterator_wrapper.h" />
    <ClInclude Include="Include\rttr\detail\misc\misc_type_traits.h" />
    <ClInclude Include="Include\rttr\detail\misc\register_wrapper_mapper_conversion.h" />
    <ClInclude Include="Include\rttr\detail\misc\sequential_container_type_traits.h" />
    <ClInclude Include="Include\rttr\detail\misc\std_type_traits.h" />
    <ClInclude Include="Include\rttr\detail\misc\template_type_trait.h" />
    <ClInclude Include="Include\rttr\detail\misc\template_type_trait_impl.h" />
    <ClInclude Include="Include\rttr\detail\misc\utility.h" />
    <ClInclude Include="Include\rttr\detail\parameter_info\parameter_infos.h" />
    <ClInclude Include="Include\rttr\detail\parameter_info\parameter_infos_compare.h" />
    <ClInclude Include="Include\rttr\detail\parameter_info\parameter_info_wrapper.h" />
    <ClInclude Include="Include\rttr\detail\parameter_info\parameter_info_wrapper_base.h" />
    <ClInclude Include="Include\rttr\detail\parameter_info\parameter_names.h" />
    <ClInclude Include="Include\rttr\detail\policies\ctor_policies.h" />
    <ClInclude Include="Include\rttr\detail\policies\meth_policies.h" />
    <ClInclude Include="Include\rttr\detail\policies\prop_policies.h" />
    <ClInclude Include="Include\rttr\detail\property\property_accessor.h" />
    <ClInclude Include="Include\rttr\detail\property\property_wrapper.h" />
    <ClInclude Include="Include\rttr\detail\property\property_wrapper_base.h" />
    <ClInclude Include="Include\rttr\detail\property\property_wrapper_func.h" />
    <ClInclude Include="Include\rttr\detail\property\property_wrapper_member_func.h" />
    <ClInclude Include="Include\rttr\detail\property\property_wrapper_member_object.h" />
    <ClInclude Include="Include\rttr\detail\property\property_wrapper_object.h" />
    <ClInclude Include="Include\rttr\detail\registration\bind_impl.h" />
    <ClInclude Include="Include\rttr\detail\registration\bind_types.h" />
    <ClInclude Include="Include\rttr\detail\registration\register_base_class_from_accessor.h" />
    <ClInclude Include="Include\rttr\detail\registration\registration_executer.h" />
    <ClInclude Include="Include\rttr\detail\registration\registration_impl.h" />
    <ClInclude Include="Include\rttr\detail\registration\registration_manager.h" />
    <ClInclude Include="Include\rttr\detail\registration\registration_state_saver.h" />
    <ClInclude Include="Include\rttr\detail\type\accessor_type.h" />
    <ClInclude Include="Include\rttr\detail\type\base_classes.h" />
    <ClInclude Include="Include\rttr\detail\type\get_create_variant_func.h" />
    <ClInclude Include="Include\rttr\detail\type\get_derived_info_func.h" />
    <ClInclude Include="Include\rttr\detail\type\type_comparator.h" />
    <ClInclude Include="Include\rttr\detail\type\type_converter.h" />
    <ClInclude Include="Include\rttr\detail\type\type_data.h" />
    <ClInclude Include="Include\rttr\detail\type\type_impl.h" />
    <ClInclude Include="Include\rttr\detail\type\type_name.h" />
    <ClInclude Include="Include\rttr\detail\type\type_register.h" />
    <ClInclude Include="Include\rttr\detail\type\type_string_utils.h" />
    <ClInclude Include="Include\rttr\detail\variant\variant_compare.h" />
    <ClInclude Include="Include\rttr\detail\variant\variant_data.h" />
    <ClInclude Include="Include\rttr\detail\variant\variant_data_converter.h" />
    <ClInclude Include="Include\rttr\detail\variant\variant_data_policy.h" />
    <ClInclude Include="Include\rttr\detail\variant\variant_impl.h" />
    <ClInclude Include="Include\rttr\detail\variant_associative_view\variant_associative_view_creator.h" />
    <ClInclude Include="Include\rttr\detail\variant_associative_view\variant_associative_view_creator_impl.h" />
    <ClInclude Include="Include\rttr\detail\variant_associative_view\variant_associative_view_private.h" />
    <ClInclude Include="Include\rttr\detail\variant_sequential_view\variant_sequential_view_creator.h" />
    <ClInclude Include="Include\rttr\detail\variant_sequential_view\variant_sequential_view_creator_impl.h" />
    <ClInclude Include="Include\rttr\detail\variant_sequential_view\variant_sequential_view_private.h" />
    <ClInclude Include="Include\rttr\detail\visitor\constructor_visitor_invoker.h" />
    <ClInclude Include="Include\rttr\detail\visitor\create_type_visitor_func.h" />
    <ClInclude Include="Include\rttr\detail\visitor\create_type_visitor_func_impl.h" />
    <ClInclude Include="Include\rttr\detail\visitor\method_visitor_invoker.h" />
    <ClInclude Include="Include\rttr\detail\visitor\property_visitor_invoker.h" />
    <ClInclude Include="Include\rttr\detail\visitor\type_visitor_invoker.h" />
    <ClInclude Include="Include\rttr\detail\visitor\visitor_impl.h" />
    <ClInclude Include="Include\rttr\detail\visitor\visitor_iterator.h" />
    <ClInclude Include="Include\rttr\detail\visitor\visitor_registration.h" />
    <ClInclude Include="Include\rttr\enumeration.h" />
    <ClInclude Include="Include\rttr\enum_flags.h" />
    <ClInclude Include="Include\rttr\filter_item.h" />
    <ClInclude Include="Include\rttr\instance.h" />
    <ClInclude Include="Include\rttr\library.h" />
    <ClInclude Include="Include\rttr\method.h" />
    <ClInclude Include="Include\rttr\parameter_info.h" />
    <ClInclude Include="Include\rttr\policy.h" />
    <ClInclude Include="Include\rttr\property.h" />
    <ClInclude Include="Include\rttr\registration.h" />
    <ClInclude Include="Include\rttr\registration_friend.h" />
    <ClInclude Include="Include\rttr\rttr_cast.h" />
    <ClInclude Include="Include\rttr\rttr_enable.h" />
    <ClInclude Include="Include\rttr\sequential_mapper.h" />
    <ClInclude Include="Include\rttr\string_view.h" />
    <ClInclude Include="Include\rttr\type.h" />
    <ClInclude Include="Include\rttr\type_list.h" />
    <ClInclude Include="Include\rttr\variant.h" />
    <ClInclude Include="Include\rttr\variant_associative_view.h" />
    <ClInclude Include="Include\rttr\variant_sequential_view.h" />
    <ClInclude Include="Include\rttr\visitor.h" />
    <ClInclude Include="Include\rttr\wrapper_mapper.h" />
    <ClInclude Include="Engine\Data\CSVReader.h" />
    <ClInclude Include="Engine\Misc\EnumClassFlags.h" />
    <ClInclude Include="Include\yaml-cpp\anchor.h" />
    <ClInclude Include="Include\yaml-cpp\binary.h" />
    <ClInclude Include="Include\yaml-cpp\contrib\anchordict.h" />
    <ClInclude Include="Include\yaml-cpp\contrib\graphbuilder.h" />
    <ClInclude Include="Include\yaml-cpp\depthguard.h" />
    <ClInclude Include="Include\yaml-cpp\dll.h" />
    <ClInclude Include="Include\yaml-cpp\emitfromevents.h" />
    <ClInclude Include="Include\yaml-cpp\emitter.h" />
    <ClInclude Include="Include\yaml-cpp\emitterdef.h" />
    <ClInclude Include="Include\yaml-cpp\emittermanip.h" />
    <ClInclude Include="Include\yaml-cpp\emitterstyle.h" />
    <ClInclude Include="Include\yaml-cpp\eventhandler.h" />
    <ClInclude Include="Include\yaml-cpp\exceptions.h" />
    <ClInclude Include="Include\yaml-cpp\mark.h" />
    <ClInclude Include="Include\yaml-cpp\node\convert.h" />
    <ClInclude Include="Include\yaml-cpp\node\detail\impl.h" />
    <ClInclude Include="Include\yaml-cpp\node\detail\iterator.h" />
    <ClInclude Include="Include\yaml-cpp\node\detail\iterator_fwd.h" />
    <ClInclude Include="Include\yaml-cpp\node\detail\memory.h" />
    <ClInclude Include="Include\yaml-cpp\node\detail\node.h" />
    <ClInclude Include="Include\yaml-cpp\node\detail\node_data.h" />
    <ClInclude Include="Include\yaml-cpp\node\detail\node_iterator.h" />
    <ClInclude Include="Include\yaml-cpp\node\detail\node_ref.h" />
    <ClInclude Include="Include\yaml-cpp\node\emit.h" />
    <ClInclude Include="Include\yaml-cpp\node\impl.h" />
    <ClInclude Include="Include\yaml-cpp\node\iterator.h" />
    <ClInclude Include="Include\yaml-cpp\node\node.h" />
    <ClInclude Include="Include\yaml-cpp\node\parse.h" />
    <ClInclude Include="Include\yaml-cpp\node\ptr.h" />
    <ClInclude Include="Include\yaml-cpp\node\type.h" />
    <ClInclude Include="Include\yaml-cpp\noexcept.h" />
    <ClInclude Include="Include\yaml-cpp\null.h" />
    <ClInclude Include="Include\yaml-cpp\ostream_wrapper.h" />
    <ClInclude Include="Include\yaml-cpp\parser.h" />
    <ClInclude Include="Include\yaml-cpp\stlemitter.h" />
    <ClInclude Include="Include\yaml-cpp\traits.h" />
    <ClInclude Include="Include\yaml-cpp\yaml.h" />
    <ClInclude Include="Engine\Data\FileHelper.h" />
    <ClInclude Include="Include\box2d\base.h" />
    <ClInclude Include="Include\box2d\box2d.h" />
    <ClInclude Include="Include\box2d\collision.h" />
    <ClInclude Include="Include\box2d\id.h" />
    <ClInclude Include="Include\box2d\math_functions.h" />
    <ClInclude Include="Include\box2d\types.h" />
    <ClInclude Include="Engine\Actor\Component\Animator\AnimationPack.h" />
    <ClInclude Include="Engine\Actor\Component\Tilemap\TilemapChunkArray.h" />
    <ClInclude Include="Engine\EngineSettings.h" />
    <ClInclude Include="Engine\Level\CameraManager.h" />
    <ClInclude Include="Engine\Asset\Asset.h" />
    <ClInclude Include="Engine\Asset\AssetManager.h" />
    <ClInclude Include="Game\Actors\Characters\CharacterBase.h" />
    <ClInclude Include="Game\Actors\Characters\Player\PlayerCharacter.h" />
    <ClInclude Include="Game\Actors\Editor\Editor.h" />
    <ClInclude Include="Engine\Actor\Component\Animator\AnimationCondition.h" />
    <ClInclude Include="Engine\Actor\Component\Animator\AnimationTransition.h" />
    <ClInclude Include="Engine\GameInstance.h" />
    <ClInclude Include="Game\Actors\Components\BehaviorTreeComponent.h" />
    <ClInclude Include="Game\Actors\Components\StateMachineComponent.h" />
    <ClInclude Include="Game\Blackboard\Blackboard.h" />
    <ClInclude Include="Game\Blackboard\BlackboardEntry.h" />
    <ClInclude Include="Game\Blackboard\BlackboardKey.h" />
    <ClInclude Include="Game\BT\Actions\ActionStrategy.h" />
    <ClInclude Include="Game\BT\Actions\ConditionStrategy.h" />
    <ClInclude Include="Game\BT\Actions\IStrategy.h" />
    <ClInclude Include="Game\BT\Actions\Leaf.h" />
    <ClInclude Include="Game\BT\Actions\Wait.h" />
    <ClInclude Include="Game\BT\Actions\WaitRange.h" />
    <ClInclude Include="Game\BT\BehaviorTree.h" />
    <ClInclude Include="Game\BT\Composites\Composite.h" />
    <ClInclude Include="Game\BT\Composites\RandomSelector.h" />
    <ClInclude Include="Game\BT\Composites\Selector.h" />
    <ClInclude Include="Game\BT\Composites\Sequence.h" />
    <ClInclude Include="Game\BT\Decorators\Abort.h" />
    <ClInclude Include="Game\BT\Decorators\Decorator.h" />
    <ClInclude Include="Game\BT\Decorators\Inverter.h" />
    <ClInclude Include="Game\BT\Decorators\Repeat.h" />
    <ClInclude Include="Game\BT\Decorators\Start.h" />
    <ClInclude Include="Game\BT\Decorators\TimeOut.h" />
    <ClInclude Include="Game\BT\Node.h" />
    <ClInclude Include="Game\FSM\Condition.h" />
    <ClInclude Include="Game\FSM\IState.h" />
    <ClInclude Include="Game\FSM\StateMachine.h" />
    <ClInclude Include="Game\FSM\Transition.h" />
    <ClInclude Include="Game\Subsystems\SessionSubsystem.h" />
    <ClInclude Include="Game\Subsystems\NetworkSubsystem.h" />
    <ClInclude Include="Game\Actors\NetworkActor.h" />
    <ClInclude Include="Game\Maps\LoginMap.h" />
    <ClInclude Include="Engine\Actor\Component\Tilemap\Tilemap.h" />
    <ClInclude Include="Engine\Misc\StringHelper.h" />
    <ClInclude Include="Engine\Subsystem\GameInstanceSubsystem.h" />
    <ClInclude Include="Engine\Subsystem\Subsystem.h" />
    <ClInclude Include="Engine\Subsystem\Tickable.h" />
    <ClInclude Include="Engine\Subsystem\WorldSubsystem.h" />
    <ClInclude Include="Engine\UI\Element\UIText.h" />
    <ClInclude Include="Engine\UI\UI.h" />
    <ClInclude Include="Engine\UI\UIContainer.h" />
    <ClInclude Include="Engine\UI\UIElement.h" />
    <ClInclude Include="Engine\UI\UIState.h" />
    <ClInclude Include="Game\Actors\Characters\Components\Controller2DComponent.h" />
    <ClInclude Include="Game\Actors\Characters\NPC.h" />
    <ClInclude Include="Game\Actors\TilemapLoader.h" />
    <ClInclude Include="Game\UI\Element\Inventory\UIInventory.h" />
    <ClInclude Include="Game\UI\UILoginState.h" />
    <ClInclude Include="Engine\UI\Element\UIImage.h" />
    <ClInclude Include="Game\UI\Element\Inventory\UIInventorySlot.h" />
    <ClInclude Include="Game\Inventory\Inventory.h" />
    <ClInclude Include="Game\Maps\EditorMap.h" />
    <ClInclude Include="Game\PacketHandlers\SelectCharacterHandler.h" />
    <ClInclude Include="Game\Subsystems\PlayerSubsystem.h" />
    <ClInclude Include="Game\UI\UIInGameState.h" />
    <ClInclude Include="Game\PacketHandlers\PartyMemberChangedHandler.h" />
    <ClInclude Include="Game\PacketHandlers\PartyLeaveHandler.h" />
    <ClInclude Include="Game\PacketHandlers\PartyMemberStatChangedHandler.h" />
    <ClInclude Include="Game\Subsystems\PartySubsystem.h" />
    <ClInclude Include="Game\UI\Element\UIPartyPanel.h" />
    <ClInclude Include="Game\UI\Element\UIPartyMemberRow.h" />
    <ClInclude Include="Engine\Actor\Portal.h" />
    <ClInclude Include="Engine\Audio\ChannelGroup.h" />
    <ClInclude Include="Engine\Misc\FunctionMacros.h" />
    <ClInclude Include="Engine\Scancode.h" />
    <ClInclude Include="Engine\UI\Element\ColorPicker\UIColorPicker.h" />
    <ClInclude Include="Engine\UI\Element\ColorPicker\UIHueSlider.h" />
    <ClInclude Include="Engine\UI\Element\ColorPicker\UIPalette.h" />
    <ClInclude Include="Engine\UI\Element\UISlider.h" />
    <ClInclude Include="Engine\UI\Element\UIButton.h" />
    <ClInclude Include="Engine\UI\Element\UIEditableText.h" />
    <ClInclude Include="Engine\UI\Element\UIMask.h" />
    <ClInclude Include="Engine\UI\Element\UIScrollBox.h" />
    <ClInclude Include="Engine\Windows\DX\OutlineRenderer.h" />
    <ClInclude Include="Engine\Windows\DX\UISprite.h" />
    <ClInclude Include="Game\Actors\Characters\Player\State\PlayerDeathState.h" />
    <ClInclude Include="Game\Actors\Characters\Player\State\PlayerFallState.h" />
    <ClInclude Include="Game\Actors\Characters\Player\State\PlayerIdleState.h" />
    <ClInclude Include="Game\Actors\Characters\Player\State\PlayerStateBase.h" />
    <ClInclude Include="Game\Actors\Characters\Player\State\PlayerWalkState.h" />
    <ClInclude Include="Game\Actors\Damage.h" />
    <ClInclude Include="Game\Actors\Interfaces\IDamageable.h" />
    <ClInclude Include="Game\Actors\DroppedItem.h" />
    <ClInclude Include="Game\Actors\Mobs\MobBase.h" />
    <ClInclude Include="Game\Actors\ServerActor.h" />
    <ClInclude Include="Game\Components\DamageRendererComponent.h" />
    <ClInclude Include="Game\Maps\GameMap.h" />
    <ClInclude Include="Game\PacketHandlers\ChatMessageHandler.h" />
    <ClInclude Include="Game\PacketHandlers\CheckNameHandler.h" />
    <ClInclude Include="Game\PacketHandlers\ColorGainHandler.h" />
    <ClInclude Include="Game\PacketHandlers\CreateCharacterHandler.h" />
    <ClInclude Include="Game\PacketHandlers\DeleteCharacterHandler.h" />
    <ClInclude Include="Game\PacketHandlers\InventoryUpdateHandler.h" />
    <ClInclude Include="Game\PacketHandlers\ObjectDestroyHandler.h" />
    <ClInclude Include="Game\PacketHandlers\LoginHandler.h" />
    <ClInclude Include="Game\PacketHandlers\MapLoadHandler.h" />
    <ClInclude Include="Game\PacketHandlers\MovePlayerHandler.h" />
    <ClInclude Include="Game\PacketHandlers\ObjectAnimationHandler.h" />
    <ClInclude Include="Game\PacketHandlers\ObjectPositionHandler.h" />
    <ClInclude Include="Game\PacketHandlers\PartyInviteNotifyHandler.h" />
    <ClInclude Include="Game\PacketHandlers\PartyJoinHandler.h" />
    <ClInclude Include="Game\PacketHandlers\PlayerAnimationHandler.h" />
    <ClInclude Include="Game\PacketHandlers\PlayerDeathHandler.h" />
    <ClInclude Include="Game\PacketHandlers\PlayerStatsUpdateHandler.h" />
    <ClInclude Include="Game\PacketHandlers\PopupHandler.h" />
    <ClInclude Include="Game\PacketHandlers\ObjectSpawnHandler.h" />
    <ClInclude Include="Game\PacketHandlers\TakeDamageHandler.h" />
    <ClInclude Include="Game\Subsystems\DataSubsystem.h" />
    <ClInclude Include="Game\Subsystems\GameSubsystem.h" />
    <ClInclude Include="Game\Subsystems\ObjectPool\IPoolable.h" />
    <ClInclude Include="Game\Subsystems\ObjectPool\ObjectPoolSubsystem.h" />
    <ClInclude Include="Game\Subsystems\Publisher\EventData.h" />
    <ClInclude Include="Game\Subsystems\Publisher\ISubscriber.h" />
    <ClInclude Include="Game\Subsystems\Publisher\PublisherSubsystem.h" />
    <ClInclude Include="Game\UI\Element\CharacterSelect\UICharacterSelect.h" />
    <ClInclude Include="Game\UI\Element\CharacterSelect\UICharacterSlot.h" />
    <ClInclude Include="Game\UI\Element\Inventory\UIItemTooltip.h" />
    <ClInclude Include="Game\UI\Element\UICharacterCreate.h" />
    <ClInclude Include="Game\UI\Element\UIChatBalloon.h" />
    <ClInclude Include="Game\UI\Element\UIChatBar.h" />
    <ClInclude Include="Game\UI\Element\UIContextMenu.h" />
    <ClInclude Include="Game\UI\Element\UILogin.h" />
    <ClInclude Include="Game\UI\Element\UIMenu.h" />
    <ClInclude Include="Game\UI\Element\UIMiniMap.h" />
    <ClInclude Include="Game\UI\Element\UINameTag.h" />
    <ClInclude Include="Game\UI\Element\UIPopup.h" />
    <ClInclude Include="Game\UI\Element\UIStatusBar.h" />
    <ClInclude Include="Game\Utils\TimedBool.h" />
  </ItemGroup>
  <ItemGroup>
    <Filter Include="Other">
      <UniqueIdentifier>{a7a2b893-d9d3-4d46-a65e-55a902cdef87}</UniqueIdentifier>
    </Filter>
    <Filter Include="UI">
      <UniqueIdentifier>{3f1fdae8-480f-43dc-9b77-d2d160d53c46}</UniqueIdentifier>
    </Filter>
    <Filter Include="UI\Base">
      <UniqueIdentifier>{39e9e138-ba43-4c96-ab84-c5ab4e68b701}</UniqueIdentifier>
    </Filter>
    <Filter Include="Animation">
      <UniqueIdentifier>{42ddda06-8f33-4d5f-af90-9eeb4d872622}</UniqueIdentifier>
    </Filter>
  </ItemGroup>
  <ItemGroup>
    <Image Include="Client.ico">
      <Filter>Other</Filter>
    </Image>
  </ItemGroup>
  <ItemGroup>
    <ResourceCompile Include="Resource.rc">
      <Filter>Other</Filter>
    </ResourceCompile>
  </ItemGroup>
</Project>