<?xml version="1.0" encoding="utf-8"?>
<Project ToolsVersion="4.0" xmlns="http://schemas.microsoft.com/developer/msbuild/2003">
  <ItemGroup>
    <Filter Include="소스 파일">
      <UniqueIdentifier>{4FC737F1-C7A5-4376-A066-2A32D752A2FF}</UniqueIdentifier>
      <Extensions>cpp;c;cc;cxx;c++;cppm;ixx;def;odl;idl;hpj;bat;asm;asmx</Extensions>
    </Filter>
    <Filter Include="헤더 파일">
      <UniqueIdentifier>{93995380-89BD-4b04-88EB-625FBE52EBFB}</UniqueIdentifier>
      <Extensions>h;hh;hpp;hxx;h++;hm;inl;inc;ipp;xsd</Extensions>
    </Filter>
    <Filter Include="리소스 파일">
      <UniqueIdentifier>{67DA6AB6-F800-4c08-8B7A-83BB121AAD01}</UniqueIdentifier>
      <Extensions>rc;ico;cur;bmp;dlg;rc2;rct;bin;rgs;gif;jpg;jpeg;jpe;resx;tiff;tif;png;wav;mfcribbon-ms</Extensions>
    </Filter>
  </ItemGroup>
  <ItemGroup>
    <ClCompile Include="Server.cpp">
      <Filter>소스 파일</Filter>
    </ClCompile>
    <ClCompile Include="ServerManager.cpp">
      <Filter>소스 파일</Filter>
    </ClCompile>
    <ClCompile Include="Data\DataManager.cpp">
      <Filter>소스 파일</Filter>
    </ClCompile>
    <ClCompile Include="Map\Map.cpp">
      <Filter>소스 파일</Filter>
    </ClCompile>
    <ClCompile Include="Map\MapObject.cpp">
      <Filter>소스 파일</Filter>
    </ClCompile>
    <ClCompile Include="Map\MapObjects\Monster.cpp">
      <Filter>소스 파일</Filter>
    </ClCompile>
    <ClCompile Include="Map\World.cpp">
      <Filter>소스 파일</Filter>
    </ClCompile>
    <ClCompile Include="MySQL\MySQLManager.cpp">
      <Filter>소스 파일</Filter>
    </ClCompile>
    <ClCompile Include="Session\Player.cpp">
      <Filter>소스 파일</Filter>
    </ClCompile>
    <ClCompile Include="Session\Player\Inventory.cpp">
      <Filter>소스 파일</Filter>
    </ClCompile>
    <ClCompile Include="Session\Session.cpp">
      <Filter>소스 파일</Filter>
    </ClCompile>
    <ClCompile Include="Session\SessionManager.cpp">
      <Filter>소스 파일</Filter>
    </ClCompile>
    <ClCompile Include="Helper\StringHelper.cpp">
      <Filter>소스 파일</Filter>
    </ClCompile>
    <ClCompile Include="Data\Item.cpp">
      <Filter>소스 파일</Filter>
    </ClCompile>
  </ItemGroup>
  <ItemGroup>
    <ClInclude Include="ServerManager.h">
      <Filter>헤더 파일</Filter>
    </ClInclude>
    <ClInclude Include="Include\jdbc\cppconn\build_config.h">
      <Filter>헤더 파일</Filter>
    </ClInclude>
    <ClInclude Include="Include\jdbc\cppconn\callback.h">
      <Filter>헤더 파일</Filter>
    </ClInclude>
    <ClInclude Include="Include\jdbc\cppconn\config.h">
      <Filter>헤더 파일</Filter>
    </ClInclude>
    <ClInclude Include="Include\jdbc\cppconn\connection.h">
      <Filter>헤더 파일</Filter>
    </ClInclude>
    <ClInclude Include="Include\jdbc\cppconn\datatype.h">
      <Filter>헤더 파일</Filter>
    </ClInclude>
    <ClInclude Include="Include\jdbc\cppconn\driver.h">
      <Filter>헤더 파일</Filter>
    </ClInclude>
    <ClInclude Include="Include\jdbc\cppconn\exception.h">
      <Filter>헤더 파일</Filter>
    </ClInclude>
    <ClInclude Include="Include\jdbc\cppconn\metadata.h">
      <Filter>헤더 파일</Filter>
    </ClInclude>
    <ClInclude Include="Include\jdbc\cppconn\parameter_metadata.h">
      <Filter>헤더 파일</Filter>
    </ClInclude>
    <ClInclude Include="Include\jdbc\cppconn\prepared_statement.h">
      <Filter>헤더 파일</Filter>
    </ClInclude>
    <ClInclude Include="Include\jdbc\cppconn\resultset.h">
      <Filter>헤더 파일</Filter>
    </ClInclude>
    <ClInclude Include="Include\jdbc\cppconn\resultset_metadata.h">
      <Filter>헤더 파일</Filter>
    </ClInclude>
    <ClInclude Include="Include\jdbc\cppconn\sqlstring.h">
      <Filter>헤더 파일</Filter>
    </ClInclude>
    <ClInclude Include="Include\jdbc\cppconn\statement.h">
      <Filter>헤더 파일</Filter>
    </ClInclude>
    <ClInclude Include="Include\jdbc\cppconn\variant.h">
      <Filter>헤더 파일</Filter>
    </ClInclude>
    <ClInclude Include="Include\jdbc\cppconn\version_info.h">
      <Filter>헤더 파일</Filter>
    </ClInclude>
    <ClInclude Include="Include\jdbc\cppconn\warning.h">
      <Filter>헤더 파일</Filter>
    </ClInclude>
    <ClInclude Include="Include\jdbc\mysql_connection.h">
      <Filter>헤더 파일</Filter>
    </ClInclude>
    <ClInclude Include="Include\jdbc\mysql_driver.h">
      <Filter>헤더 파일</Filter>
    </ClInclude>
    <ClInclude Include="Include\jdbc\mysql_error.h">
      <Filter>헤더 파일</Filter>
    </ClInclude>
    <ClInclude Include="Include\mysqlx\common.h">
      <Filter>헤더 파일</Filter>
    </ClInclude>
    <ClInclude Include="Include\mysqlx\common\api.h">
      <Filter>헤더 파일</Filter>
    </ClInclude>
    <ClInclude Include="Include\mysqlx\common\error.h">
      <Filter>헤더 파일</Filter>
    </ClInclude>
    <ClInclude Include="Include\mysqlx\common\op_if.h">
      <Filter>헤더 파일</Filter>
    </ClInclude>
    <ClInclude Include="Include\mysqlx\common\settings.h">
      <Filter>헤더 파일</Filter>
    </ClInclude>
    <ClInclude Include="Include\mysqlx\common\util.h">
      <Filter>헤더 파일</Filter>
    </ClInclude>
    <ClInclude Include="Include\mysqlx\common\value.h">
      <Filter>헤더 파일</Filter>
    </ClInclude>
    <ClInclude Include="Include\mysqlx\common_constants.h">
      <Filter>헤더 파일</Filter>
    </ClInclude>
    <ClInclude Include="Include\mysqlx\devapi\collations.h">
      <Filter>헤더 파일</Filter>
    </ClInclude>
    <ClInclude Include="Include\mysqlx\devapi\collection_crud.h">
      <Filter>헤더 파일</Filter>
    </ClInclude>
    <ClInclude Include="Include\mysqlx\devapi\common.h">
      <Filter>헤더 파일</Filter>
    </ClInclude>
    <ClInclude Include="Include\mysqlx\devapi\crud.h">
      <Filter>헤더 파일</Filter>
    </ClInclude>
    <ClInclude Include="Include\mysqlx\devapi\detail\crud.h">
      <Filter>헤더 파일</Filter>
    </ClInclude>
    <ClInclude Include="Include\mysqlx\devapi\detail\error.h">
      <Filter>헤더 파일</Filter>
    </ClInclude>
    <ClInclude Include="Include\mysqlx\devapi\detail\result.h">
      <Filter>헤더 파일</Filter>
    </ClInclude>
    <ClInclude Include="Include\mysqlx\devapi\detail\row.h">
      <Filter>헤더 파일</Filter>
    </ClInclude>
    <ClInclude Include="Include\mysqlx\devapi\detail\session.h">
      <Filter>헤더 파일</Filter>
    </ClInclude>
    <ClInclude Include="Include\mysqlx\devapi\detail\settings.h">
      <Filter>헤더 파일</Filter>
    </ClInclude>
    <ClInclude Include="Include\mysqlx\devapi\document.h">
      <Filter>헤더 파일</Filter>
    </ClInclude>
    <ClInclude Include="Include\mysqlx\devapi\error.h">
      <Filter>헤더 파일</Filter>
    </ClInclude>
    <ClInclude Include="Include\mysqlx\devapi\executable.h">
      <Filter>헤더 파일</Filter>
    </ClInclude>
    <ClInclude Include="Include\mysqlx\devapi\mysql_charsets.h">
      <Filter>헤더 파일</Filter>
    </ClInclude>
    <ClInclude Include="Include\mysqlx\devapi\mysql_collations.h">
      <Filter>헤더 파일</Filter>
    </ClInclude>
    <ClInclude Include="Include\mysqlx\devapi\result.h">
      <Filter>헤더 파일</Filter>
    </ClInclude>
    <ClInclude Include="Include\mysqlx\devapi\row.h">
      <Filter>헤더 파일</Filter>
    </ClInclude>
    <ClInclude Include="Include\mysqlx\devapi\settings.h">
      <Filter>헤더 파일</Filter>
    </ClInclude>
    <ClInclude Include="Include\mysqlx\devapi\table_crud.h">
      <Filter>헤더 파일</Filter>
    </ClInclude>
    <ClInclude Include="Include\mysqlx\version_info.h">
      <Filter>헤더 파일</Filter>
    </ClInclude>
    <ClInclude Include="Include\mysqlx\xapi.h">
      <Filter>헤더 파일</Filter>
    </ClInclude>
    <ClInclude Include="Include\mysqlx\xdevapi.h">
      <Filter>헤더 파일</Filter>
    </ClInclude>
    <ClInclude Include="Include\mysql\jdbc.h">
      <Filter>헤더 파일</Filter>
    </ClInclude>
    <ClInclude Include="Data\DataManager.h">
      <Filter>헤더 파일</Filter>
    </ClInclude>
    <ClInclude Include="Include\yaml-cpp\anchor.h">
      <Filter>헤더 파일</Filter>
    </ClInclude>
    <ClInclude Include="Include\yaml-cpp\binary.h">
      <Filter>헤더 파일</Filter>
    </ClInclude>
    <ClInclude Include="Include\yaml-cpp\contrib\anchordict.h">
      <Filter>헤더 파일</Filter>
    </ClInclude>
    <ClInclude Include="Include\yaml-cpp\contrib\graphbuilder.h">
      <Filter>헤더 파일</Filter>
    </ClInclude>
    <ClInclude Include="Include\yaml-cpp\depthguard.h">
      <Filter>헤더 파일</Filter>
    </ClInclude>
    <ClInclude Include="Include\yaml-cpp\dll.h">
      <Filter>헤더 파일</Filter>
    </ClInclude>
    <ClInclude Include="Include\yaml-cpp\emitfromevents.h">
      <Filter>헤더 파일</Filter>
    </ClInclude>
    <ClInclude Include="Include\yaml-cpp\emitter.h">
      <Filter>헤더 파일</Filter>
    </ClInclude>
    <ClInclude Include="Include\yaml-cpp\emitterdef.h">
      <Filter>헤더 파일</Filter>
    </ClInclude>
    <ClInclude Include="Include\yaml-cpp\emittermanip.h">
      <Filter>헤더 파일</Filter>
    </ClInclude>
    <ClInclude Include="Include\yaml-cpp\emitterstyle.h">
      <Filter>헤더 파일</Filter>
    </ClInclude>
    <ClInclude Include="Include\yaml-cpp\eventhandler.h">
      <Filter>헤더 파일</Filter>
    </ClInclude>
    <ClInclude Include="Include\yaml-cpp\exceptions.h">
      <Filter>헤더 파일</Filter>
    </ClInclude>
    <ClInclude Include="Include\yaml-cpp\mark.h">
      <Filter>헤더 파일</Filter>
    </ClInclude>
    <ClInclude Include="Include\yaml-cpp\node\convert.h">
      <Filter>헤더 파일</Filter>
    </ClInclude>
    <ClInclude Include="Include\yaml-cpp\node\detail\impl.h">
      <Filter>헤더 파일</Filter>
    </ClInclude>
    <ClInclude Include="Include\yaml-cpp\node\detail\iterator.h">
      <Filter>헤더 파일</Filter>
    </ClInclude>
    <ClInclude Include="Include\yaml-cpp\node\detail\iterator_fwd.h">
      <Filter>헤더 파일</Filter>
    </ClInclude>
    <ClInclude Include="Include\yaml-cpp\node\detail\memory.h">
      <Filter>헤더 파일</Filter>
    </ClInclude>
    <ClInclude Include="Include\yaml-cpp\node\detail\node.h">
      <Filter>헤더 파일</Filter>
    </ClInclude>
    <ClInclude Include="Include\yaml-cpp\node\detail\node_data.h">
      <Filter>헤더 파일</Filter>
    </ClInclude>
    <ClInclude Include="Include\yaml-cpp\node\detail\node_iterator.h">
      <Filter>헤더 파일</Filter>
    </ClInclude>
    <ClInclude Include="Include\yaml-cpp\node\detail\node_ref.h">
      <Filter>헤더 파일</Filter>
    </ClInclude>
    <ClInclude Include="Include\yaml-cpp\node\emit.h">
      <Filter>헤더 파일</Filter>
    </ClInclude>
    <ClInclude Include="Include\yaml-cpp\node\impl.h">
      <Filter>헤더 파일</Filter>
    </ClInclude>
    <ClInclude Include="Include\yaml-cpp\node\iterator.h">
      <Filter>헤더 파일</Filter>
    </ClInclude>
    <ClInclude Include="Include\yaml-cpp\node\node.h">
      <Filter>헤더 파일</Filter>
    </ClInclude>
    <ClInclude Include="Include\yaml-cpp\node\parse.h">
      <Filter>헤더 파일</Filter>
    </ClInclude>
    <ClInclude Include="Include\yaml-cpp\node\ptr.h">
      <Filter>헤더 파일</Filter>
    </ClInclude>
    <ClInclude Include="Include\yaml-cpp\node\type.h">
      <Filter>헤더 파일</Filter>
    </ClInclude>
    <ClInclude Include="Include\yaml-cpp\noexcept.h">
      <Filter>헤더 파일</Filter>
    </ClInclude>
    <ClInclude Include="Include\yaml-cpp\null.h">
      <Filter>헤더 파일</Filter>
    </ClInclude>
    <ClInclude Include="Include\yaml-cpp\ostream_wrapper.h">
      <Filter>헤더 파일</Filter>
    </ClInclude>
    <ClInclude Include="Include\yaml-cpp\parser.h">
      <Filter>헤더 파일</Filter>
    </ClInclude>
    <ClInclude Include="Include\yaml-cpp\stlemitter.h">
      <Filter>헤더 파일</Filter>
    </ClInclude>
    <ClInclude Include="Include\yaml-cpp\traits.h">
      <Filter>헤더 파일</Filter>
    </ClInclude>
    <ClInclude Include="Include\yaml-cpp\yaml.h">
      <Filter>헤더 파일</Filter>
    </ClInclude>
    <ClInclude Include="Map\Map.h">
      <Filter>헤더 파일</Filter>
    </ClInclude>
    <ClInclude Include="Map\MapObject.h">
      <Filter>헤더 파일</Filter>
    </ClInclude>
    <ClInclude Include="Map\MapObjects\Monster.h">
      <Filter>헤더 파일</Filter>
    </ClInclude>
    <ClInclude Include="Map\World.h">
      <Filter>헤더 파일</Filter>
    </ClInclude>
    <ClInclude Include="MySQL\MySQLManager.h">
      <Filter>헤더 파일</Filter>
    </ClInclude>
    <ClInclude Include="Session\Player.h">
      <Filter>헤더 파일</Filter>
    </ClInclude>
    <ClInclude Include="Session\Player\Inventory.h">
      <Filter>헤더 파일</Filter>
    </ClInclude>
    <ClInclude Include="Session\Session.h">
      <Filter>헤더 파일</Filter>
    </ClInclude>
    <ClInclude Include="Session\SessionManager.h">
      <Filter>헤더 파일</Filter>
    </ClInclude>
    <ClInclude Include="Helper\StringHelper.h">
      <Filter>헤더 파일</Filter>
    </ClInclude>
    <ClInclude Include="Singleton.h">
      <Filter>헤더 파일</Filter>
    </ClInclude>
    <ClInclude Include="Data\Item.h">
      <Filter>헤더 파일</Filter>
    </ClInclude>
  </ItemGroup>
</Project>