<?xml version="1.0" encoding="utf-8"?>
<Project ToolsVersion="4.0" xmlns="http://schemas.microsoft.com/developer/msbuild/2003">
  <ItemGroup>
    <Filter Include="소스 파일">
      <UniqueIdentifier>{4FC737F1-C7A5-4376-A066-2A32D752A2FF}</UniqueIdentifier>
      <Extensions>cpp;c;cc;cxx;c++;cppm;ixx;def;odl;idl;hpj;bat;asm;asmx</Extensions>
    </Filter>
    <Filter Include="헤더 파일">
      <UniqueIdentifier>{93995380-89BD-4b04-88EB-625FBE52EBFB}</UniqueIdentifier>
      <Extensions>h;hh;hpp;hxx;h++;hm;inl;inc;ipp;xsd</Extensions>
    </Filter>
    <Filter Include="리소스 파일">
      <UniqueIdentifier>{67DA6AB6-F800-4c08-8B7A-83BB121AAD01}</UniqueIdentifier>
      <Extensions>rc;ico;cur;bmp;dlg;rc2;rct;bin;rgs;gif;jpg;jpeg;jpe;resx;tiff;tif;png;wav;mfcribbon-ms</Extensions>
    </Filter>
  </ItemGroup>
  <ItemGroup>
    <ClCompile Include="Server.cpp">
      <Filter>소스 파일</Filter>
    </ClCompile>
    <ClCompile Include="MySQL\MySQLManager.cpp">
      <Filter>소스 파일</Filter>
    </ClCompile>
    <ClCompile Include="Engine\Map\MapTickDispatcher.cpp">
      <Filter>소스 파일</Filter>
    </ClCompile>
    <ClCompile Include="Engine\Map\World.cpp">
      <Filter>소스 파일</Filter>
    </ClCompile>
    <ClCompile Include="Engine\Math\Bounds.cpp">
      <Filter>소스 파일</Filter>
    </ClCompile>
    <ClCompile Include="Engine\Math\Color.cpp">
      <Filter>소스 파일</Filter>
    </ClCompile>
    <ClCompile Include="Engine\Math\Math.cpp">
      <Filter>소스 파일</Filter>
    </ClCompile>
    <ClCompile Include="Engine\Math\Rect.cpp">
      <Filter>소스 파일</Filter>
    </ClCompile>
    <ClCompile Include="Engine\Math\Vector2.cpp">
      <Filter>소스 파일</Filter>
    </ClCompile>
    <ClCompile Include="Engine\Session\Player.cpp">
      <Filter>소스 파일</Filter>
    </ClCompile>
    <ClCompile Include="Engine\Session\Session.cpp">
      <Filter>소스 파일</Filter>
    </ClCompile>
    <ClCompile Include="Engine\Session\SessionManager.cpp">
      <Filter>소스 파일</Filter>
    </ClCompile>
    <ClCompile Include="Game\ServerManager.cpp">
      <Filter>소스 파일</Filter>
    </ClCompile>
    <ClCompile Include="MySQL\MySQLManager.cpp">
      <Filter>소스 파일</Filter>
    </ClCompile>
    <ClCompile Include="pch.cpp">
      <Filter>소스 파일</Filter>
    </ClCompile>
    <ClCompile Include="Helper\StringHelper.cpp">
      <Filter>소스 파일</Filter>
    </ClCompile>
    <ClCompile Include="Engine\FSM\Condition.cpp">
      <Filter>소스 파일</Filter>
    </ClCompile>
    <ClCompile Include="Engine\FSM\StateMachine.cpp">
      <Filter>소스 파일</Filter>
    </ClCompile>
    <ClCompile Include="Engine\FSM\Transition.cpp">
      <Filter>소스 파일</Filter>
    </ClCompile>
    <ClCompile Include="Engine\Map\Foothold.cpp">
      <Filter>소스 파일</Filter>
    </ClCompile>
    <ClCompile Include="Engine\Map\Map.cpp">
      <Filter>소스 파일</Filter>
    </ClCompile>
    <ClCompile Include="Engine\Map\MapObject.cpp">
      <Filter>소스 파일</Filter>
    </ClCompile>
    <ClCompile Include="Engine\Map\MapObjects\Mob\Mob.cpp">
      <Filter>소스 파일</Filter>
    </ClCompile>
    <ClCompile Include="Engine\Map\MapObjects\Mob\States\MobHitState.cpp">
      <Filter>소스 파일</Filter>
    </ClCompile>
    <ClCompile Include="Engine\Map\MapObjects\Mob\States\MobIdleState.cpp">
      <Filter>소스 파일</Filter>
    </ClCompile>
    <ClCompile Include="Engine\Map\MapObjects\Mob\States\MobWalkState.cpp">
      <Filter>소스 파일</Filter>
    </ClCompile>
    <ClCompile Include="Engine\Map\MapObjects\Mob\States\MobStateBase.cpp">
      <Filter>소스 파일</Filter>
    </ClCompile>
    <ClCompile Include="Engine\Session\Player\Inventory\Inventory.cpp">
      <Filter>소스 파일</Filter>
    </ClCompile>
    <ClCompile Include="Engine\Buff\Buff.cpp">
      <Filter>소스 파일</Filter>
    </ClCompile>
    <ClCompile Include="Engine\Buff\BuffManager.cpp">
      <Filter>소스 파일</Filter>
    </ClCompile>
    <ClCompile Include="Engine\Buff\BuffStatBlock.cpp">
      <Filter>소스 파일</Filter>
    </ClCompile>
    <ClCompile Include="Engine\DataManager.cpp">
      <Filter>소스 파일</Filter>
    </ClCompile>
    <ClCompile Include="Engine\Map\MapObjects\DroppedItem.cpp">
      <Filter>소스 파일</Filter>
    </ClCompile>
    <ClCompile Include="Engine\Map\MapObjects\ProjectileObject.cpp">
      <Filter>소스 파일</Filter>
    </ClCompile>
    <ClCompile Include="Engine\Map\PlayerCharacter.cpp">
      <Filter>소스 파일</Filter>
    </ClCompile>
    <ClCompile Include="Engine\Map\Portal.cpp">
      <Filter>소스 파일</Filter>
    </ClCompile>
    <ClCompile Include="Engine\Map\SpawnPoint.cpp">
      <Filter>소스 파일</Filter>
    </ClCompile>
    <ClCompile Include="Engine\Session\Party.cpp">
      <Filter>소스 파일</Filter>
    </ClCompile>
    <ClCompile Include="Engine\Session\PartyManager.cpp">
      <Filter>소스 파일</Filter>
    </ClCompile>
    <ClCompile Include="Engine\Session\Player\Inventory\EquipItem.cpp">
      <Filter>소스 파일</Filter>
    </ClCompile>
    <ClCompile Include="Engine\Session\Player\Inventory\Item.cpp">
      <Filter>소스 파일</Filter>
    </ClCompile>
    <ClCompile Include="Engine\Skill\AttackChain.cpp">
      <Filter>소스 파일</Filter>
    </ClCompile>
    <ClCompile Include="Engine\Skill\AttackEffect.cpp">
      <Filter>소스 파일</Filter>
    </ClCompile>
    <ClCompile Include="Engine\Skill\AttackEffect\DamageEffect.cpp">
      <Filter>소스 파일</Filter>
    </ClCompile>
    <ClCompile Include="Engine\Skill\SkillType\ActiveSkill.cpp">
      <Filter>소스 파일</Filter>
    </ClCompile>
    <ClCompile Include="Engine\Skill\SkillType\PasiveSkill.cpp">
      <Filter>소스 파일</Filter>
    </ClCompile>
    <ClCompile Include="Engine\Skill\Skill.cpp">
      <Filter>소스 파일</Filter>
    </ClCompile>
    <ClCompile Include="Engine\Skill\SkillManager.cpp">
      <Filter>소스 파일</Filter>
    </ClCompile>
    <ClCompile Include="Engine\Utils\TimedBool.cpp">
      <Filter>소스 파일</Filter>
    </ClCompile>
    <ClCompile Include="Engine\Card\CardManager.cpp">
      <Filter>소스 파일</Filter>
    </ClCompile>
  </ItemGroup>
  <ItemGroup>
    <ClInclude Include="Include\jdbc\cppconn\build_config.h">
      <Filter>헤더 파일</Filter>
    </ClInclude>
    <ClInclude Include="Include\jdbc\cppconn\callback.h">
      <Filter>헤더 파일</Filter>
    </ClInclude>
    <ClInclude Include="Include\jdbc\cppconn\config.h">
      <Filter>헤더 파일</Filter>
    </ClInclude>
    <ClInclude Include="Include\jdbc\cppconn\connection.h">
      <Filter>헤더 파일</Filter>
    </ClInclude>
    <ClInclude Include="Include\jdbc\cppconn\datatype.h">
      <Filter>헤더 파일</Filter>
    </ClInclude>
    <ClInclude Include="Include\jdbc\cppconn\driver.h">
      <Filter>헤더 파일</Filter>
    </ClInclude>
    <ClInclude Include="Include\jdbc\cppconn\exception.h">
      <Filter>헤더 파일</Filter>
    </ClInclude>
    <ClInclude Include="Include\jdbc\cppconn\metadata.h">
      <Filter>헤더 파일</Filter>
    </ClInclude>
    <ClInclude Include="Include\jdbc\cppconn\parameter_metadata.h">
      <Filter>헤더 파일</Filter>
    </ClInclude>
    <ClInclude Include="Include\jdbc\cppconn\prepared_statement.h">
      <Filter>헤더 파일</Filter>
    </ClInclude>
    <ClInclude Include="Include\jdbc\cppconn\resultset.h">
      <Filter>헤더 파일</Filter>
    </ClInclude>
    <ClInclude Include="Include\jdbc\cppconn\resultset_metadata.h">
      <Filter>헤더 파일</Filter>
    </ClInclude>
    <ClInclude Include="Include\jdbc\cppconn\sqlstring.h">
      <Filter>헤더 파일</Filter>
    </ClInclude>
    <ClInclude Include="Include\jdbc\cppconn\statement.h">
      <Filter>헤더 파일</Filter>
    </ClInclude>
    <ClInclude Include="Include\jdbc\cppconn\variant.h">
      <Filter>헤더 파일</Filter>
    </ClInclude>
    <ClInclude Include="Include\jdbc\cppconn\version_info.h">
      <Filter>헤더 파일</Filter>
    </ClInclude>
    <ClInclude Include="Include\jdbc\cppconn\warning.h">
      <Filter>헤더 파일</Filter>
    </ClInclude>
    <ClInclude Include="Include\jdbc\mysql_connection.h">
      <Filter>헤더 파일</Filter>
    </ClInclude>
    <ClInclude Include="Include\jdbc\mysql_driver.h">
      <Filter>헤더 파일</Filter>
    </ClInclude>
    <ClInclude Include="Include\jdbc\mysql_error.h">
      <Filter>헤더 파일</Filter>
    </ClInclude>
    <ClInclude Include="Include\mysqlx\common.h">
      <Filter>헤더 파일</Filter>
    </ClInclude>
    <ClInclude Include="Include\mysqlx\common\api.h">
      <Filter>헤더 파일</Filter>
    </ClInclude>
    <ClInclude Include="Include\mysqlx\common\error.h">
      <Filter>헤더 파일</Filter>
    </ClInclude>
    <ClInclude Include="Include\mysqlx\common\op_if.h">
      <Filter>헤더 파일</Filter>
    </ClInclude>
    <ClInclude Include="Include\mysqlx\common\settings.h">
      <Filter>헤더 파일</Filter>
    </ClInclude>
    <ClInclude Include="Include\mysqlx\common\util.h">
      <Filter>헤더 파일</Filter>
    </ClInclude>
    <ClInclude Include="Include\mysqlx\common\value.h">
      <Filter>헤더 파일</Filter>
    </ClInclude>
    <ClInclude Include="Include\mysqlx\common_constants.h">
      <Filter>헤더 파일</Filter>
    </ClInclude>
    <ClInclude Include="Include\mysqlx\devapi\collations.h">
      <Filter>헤더 파일</Filter>
    </ClInclude>
    <ClInclude Include="Include\mysqlx\devapi\collection_crud.h">
      <Filter>헤더 파일</Filter>
    </ClInclude>
    <ClInclude Include="Include\mysqlx\devapi\common.h">
      <Filter>헤더 파일</Filter>
    </ClInclude>
    <ClInclude Include="Include\mysqlx\devapi\crud.h">
      <Filter>헤더 파일</Filter>
    </ClInclude>
    <ClInclude Include="Include\mysqlx\devapi\detail\crud.h">
      <Filter>헤더 파일</Filter>
    </ClInclude>
    <ClInclude Include="Include\mysqlx\devapi\detail\error.h">
      <Filter>헤더 파일</Filter>
    </ClInclude>
    <ClInclude Include="Include\mysqlx\devapi\detail\result.h">
      <Filter>헤더 파일</Filter>
    </ClInclude>
    <ClInclude Include="Include\mysqlx\devapi\detail\row.h">
      <Filter>헤더 파일</Filter>
    </ClInclude>
    <ClInclude Include="Include\mysqlx\devapi\detail\session.h">
      <Filter>헤더 파일</Filter>
    </ClInclude>
    <ClInclude Include="Include\mysqlx\devapi\detail\settings.h">
      <Filter>헤더 파일</Filter>
    </ClInclude>
    <ClInclude Include="Include\mysqlx\devapi\document.h">
      <Filter>헤더 파일</Filter>
    </ClInclude>
    <ClInclude Include="Include\mysqlx\devapi\error.h">
      <Filter>헤더 파일</Filter>
    </ClInclude>
    <ClInclude Include="Include\mysqlx\devapi\executable.h">
      <Filter>헤더 파일</Filter>
    </ClInclude>
    <ClInclude Include="Include\mysqlx\devapi\mysql_charsets.h">
      <Filter>헤더 파일</Filter>
    </ClInclude>
    <ClInclude Include="Include\mysqlx\devapi\mysql_collations.h">
      <Filter>헤더 파일</Filter>
    </ClInclude>
    <ClInclude Include="Include\mysqlx\devapi\result.h">
      <Filter>헤더 파일</Filter>
    </ClInclude>
    <ClInclude Include="Include\mysqlx\devapi\row.h">
      <Filter>헤더 파일</Filter>
    </ClInclude>
    <ClInclude Include="Include\mysqlx\devapi\settings.h">
      <Filter>헤더 파일</Filter>
    </ClInclude>
    <ClInclude Include="Include\mysqlx\devapi\table_crud.h">
      <Filter>헤더 파일</Filter>
    </ClInclude>
    <ClInclude Include="Include\mysqlx\version_info.h">
      <Filter>헤더 파일</Filter>
    </ClInclude>
    <ClInclude Include="Include\mysqlx\xapi.h">
      <Filter>헤더 파일</Filter>
    </ClInclude>
    <ClInclude Include="Include\mysqlx\xdevapi.h">
      <Filter>헤더 파일</Filter>
    </ClInclude>
    <ClInclude Include="Include\mysql\jdbc.h">
      <Filter>헤더 파일</Filter>
    </ClInclude>
    <ClInclude Include="Engine\Map\MapTickDispatcher.h">
      <Filter>헤더 파일</Filter>
    </ClInclude>
    <ClInclude Include="Engine\Map\World.h">
      <Filter>헤더 파일</Filter>
    </ClInclude>
    <ClInclude Include="Engine\Math\Bounds.h">
      <Filter>헤더 파일</Filter>
    </ClInclude>
    <ClInclude Include="Engine\Math\Color.h">
      <Filter>헤더 파일</Filter>
    </ClInclude>
    <ClInclude Include="Engine\Math\Math.h">
      <Filter>헤더 파일</Filter>
    </ClInclude>
    <ClInclude Include="Engine\Math\Rect.h">
      <Filter>헤더 파일</Filter>
    </ClInclude>
    <ClInclude Include="Engine\Math\Vector2.h">
      <Filter>헤더 파일</Filter>
    </ClInclude>
    <ClInclude Include="Engine\Misc\Delegate.h">
      <Filter>헤더 파일</Filter>
    </ClInclude>
    <ClInclude Include="Engine\Misc\DelegateMacros.h">
      <Filter>헤더 파일</Filter>
    </ClInclude>
    <ClInclude Include="Engine\Misc\EnumClassFlags.h">
      <Filter>헤더 파일</Filter>
    </ClInclude>
    <ClInclude Include="Engine\Misc\Function.h">
      <Filter>헤더 파일</Filter>
    </ClInclude>
    <ClInclude Include="Engine\Session\Player.h">
      <Filter>헤더 파일</Filter>
    </ClInclude>
    <ClInclude Include="Engine\Session\Session.h">
      <Filter>헤더 파일</Filter>
    </ClInclude>
    <ClInclude Include="Engine\Session\SessionManager.h">
      <Filter>헤더 파일</Filter>
    </ClInclude>
    <ClInclude Include="Engine\Singleton.h">
      <Filter>헤더 파일</Filter>
    </ClInclude>
    <ClInclude Include="Game\ServerManager.h">
      <Filter>헤더 파일</Filter>
    </ClInclude>
    <ClInclude Include="Include\tmxlite\Config.hpp">
      <Filter>헤더 파일</Filter>
    </ClInclude>
    <ClInclude Include="Include\tmxlite\FreeFuncs.hpp">
      <Filter>헤더 파일</Filter>
    </ClInclude>
    <ClInclude Include="Include\tmxlite\ImageLayer.hpp">
      <Filter>헤더 파일</Filter>
    </ClInclude>
    <ClInclude Include="Include\tmxlite\Layer.hpp">
      <Filter>헤더 파일</Filter>
    </ClInclude>
    <ClInclude Include="Include\tmxlite\LayerGroup.hpp">
      <Filter>헤더 파일</Filter>
    </ClInclude>
    <ClInclude Include="Include\tmxlite\Map.hpp">
      <Filter>헤더 파일</Filter>
    </ClInclude>
    <ClInclude Include="Include\tmxlite\Object.hpp">
      <Filter>헤더 파일</Filter>
    </ClInclude>
    <ClInclude Include="Include\tmxlite\ObjectGroup.hpp">
      <Filter>헤더 파일</Filter>
    </ClInclude>
    <ClInclude Include="Include\tmxlite\ObjectTypes.hpp">
      <Filter>헤더 파일</Filter>
    </ClInclude>
    <ClInclude Include="Include\tmxlite\Property.hpp">
      <Filter>헤더 파일</Filter>
    </ClInclude>
    <ClInclude Include="Include\tmxlite\TileLayer.hpp">
      <Filter>헤더 파일</Filter>
    </ClInclude>
    <ClInclude Include="Include\tmxlite\Tileset.hpp">
      <Filter>헤더 파일</Filter>
    </ClInclude>
    <ClInclude Include="Include\tmxlite\Types.hpp">
      <Filter>헤더 파일</Filter>
    </ClInclude>
    <ClInclude Include="Include\tmxlite\Types.inl">
      <Filter>헤더 파일</Filter>
    </ClInclude>
    <ClInclude Include="MySQL\MySQLManager.h">
      <Filter>헤더 파일</Filter>
    </ClInclude>
    <ClInclude Include="Helper\StringHelper.h">
      <Filter>헤더 파일</Filter>
    </ClInclude>
    <ClInclude Include="pch.h">
      <Filter>헤더 파일</Filter>
    </ClInclude>
    <ClInclude Include="Engine\FSM\Condition.h">
      <Filter>헤더 파일</Filter>
    </ClInclude>
    <ClInclude Include="Engine\FSM\IState.h">
      <Filter>헤더 파일</Filter>
    </ClInclude>
    <ClInclude Include="Engine\FSM\StateMachine.h">
      <Filter>헤더 파일</Filter>
    </ClInclude>
    <ClInclude Include="Engine\FSM\Transition.h">
      <Filter>헤더 파일</Filter>
    </ClInclude>
    <ClInclude Include="Engine\Map\Foothold.h">
      <Filter>헤더 파일</Filter>
    </ClInclude>
    <ClInclude Include="Engine\Map\IDamageable.h">
      <Filter>헤더 파일</Filter>
    </ClInclude>
    <ClInclude Include="Engine\Map\Map.h">
      <Filter>헤더 파일</Filter>
    </ClInclude>
    <ClInclude Include="Engine\Map\MapObject.h">
      <Filter>헤더 파일</Filter>
    </ClInclude>
    <ClInclude Include="Engine\Map\MapObjects\Mob\Mob.h">
      <Filter>헤더 파일</Filter>
    </ClInclude>
    <ClInclude Include="Engine\Map\MapObjects\Mob\States\MobHitState.h">
      <Filter>헤더 파일</Filter>
    </ClInclude>
    <ClInclude Include="Engine\Map\MapObjects\Mob\States\MobIdleState.h">
      <Filter>헤더 파일</Filter>
    </ClInclude>
    <ClInclude Include="Engine\Map\MapObjects\Mob\States\MobWalkState.h">
      <Filter>헤더 파일</Filter>
    </ClInclude>
    <ClInclude Include="Engine\Map\MapObjects\Mob\States\MobStateBase.h">
      <Filter>헤더 파일</Filter>
    </ClInclude>
    <ClInclude Include="Engine\Session\Player\Inventory\Inventory.h">
      <Filter>헤더 파일</Filter>
    </ClInclude>
    <ClInclude Include="Include\yaml-cpp\anchor.h">
      <Filter>헤더 파일</Filter>
    </ClInclude>
    <ClInclude Include="Include\yaml-cpp\binary.h">
      <Filter>헤더 파일</Filter>
    </ClInclude>
    <ClInclude Include="Include\yaml-cpp\contrib\anchordict.h">
      <Filter>헤더 파일</Filter>
    </ClInclude>
    <ClInclude Include="Include\yaml-cpp\contrib\graphbuilder.h">
      <Filter>헤더 파일</Filter>
    </ClInclude>
    <ClInclude Include="Include\yaml-cpp\depthguard.h">
      <Filter>헤더 파일</Filter>
    </ClInclude>
    <ClInclude Include="Include\yaml-cpp\dll.h">
      <Filter>헤더 파일</Filter>
    </ClInclude>
    <ClInclude Include="Include\yaml-cpp\emitfromevents.h">
      <Filter>헤더 파일</Filter>
    </ClInclude>
    <ClInclude Include="Include\yaml-cpp\emitter.h">
      <Filter>헤더 파일</Filter>
    </ClInclude>
    <ClInclude Include="Include\yaml-cpp\emitterdef.h">
      <Filter>헤더 파일</Filter>
    </ClInclude>
    <ClInclude Include="Include\yaml-cpp\emittermanip.h">
      <Filter>헤더 파일</Filter>
    </ClInclude>
    <ClInclude Include="Include\yaml-cpp\emitterstyle.h">
      <Filter>헤더 파일</Filter>
    </ClInclude>
    <ClInclude Include="Include\yaml-cpp\eventhandler.h">
      <Filter>헤더 파일</Filter>
    </ClInclude>
    <ClInclude Include="Include\yaml-cpp\exceptions.h">
      <Filter>헤더 파일</Filter>
    </ClInclude>
    <ClInclude Include="Include\yaml-cpp\mark.h">
      <Filter>헤더 파일</Filter>
    </ClInclude>
    <ClInclude Include="Include\yaml-cpp\node\convert.h">
      <Filter>헤더 파일</Filter>
    </ClInclude>
    <ClInclude Include="Include\yaml-cpp\node\detail\impl.h">
      <Filter>헤더 파일</Filter>
    </ClInclude>
    <ClInclude Include="Include\yaml-cpp\node\detail\iterator.h">
      <Filter>헤더 파일</Filter>
    </ClInclude>
    <ClInclude Include="Include\yaml-cpp\node\detail\iterator_fwd.h">
      <Filter>헤더 파일</Filter>
    </ClInclude>
    <ClInclude Include="Include\yaml-cpp\node\detail\memory.h">
      <Filter>헤더 파일</Filter>
    </ClInclude>
    <ClInclude Include="Include\yaml-cpp\node\detail\node.h">
      <Filter>헤더 파일</Filter>
    </ClInclude>
    <ClInclude Include="Include\yaml-cpp\node\detail\node_data.h">
      <Filter>헤더 파일</Filter>
    </ClInclude>
    <ClInclude Include="Include\yaml-cpp\node\detail\node_iterator.h">
      <Filter>헤더 파일</Filter>
    </ClInclude>
    <ClInclude Include="Include\yaml-cpp\node\detail\node_ref.h">
      <Filter>헤더 파일</Filter>
    </ClInclude>
    <ClInclude Include="Include\yaml-cpp\node\emit.h">
      <Filter>헤더 파일</Filter>
    </ClInclude>
    <ClInclude Include="Include\yaml-cpp\node\impl.h">
      <Filter>헤더 파일</Filter>
    </ClInclude>
    <ClInclude Include="Include\yaml-cpp\node\iterator.h">
      <Filter>헤더 파일</Filter>
    </ClInclude>
    <ClInclude Include="Include\yaml-cpp\node\node.h">
      <Filter>헤더 파일</Filter>
    </ClInclude>
    <ClInclude Include="Include\yaml-cpp\node\parse.h">
      <Filter>헤더 파일</Filter>
    </ClInclude>
    <ClInclude Include="Include\yaml-cpp\node\ptr.h">
      <Filter>헤더 파일</Filter>
    </ClInclude>
    <ClInclude Include="Include\yaml-cpp\node\type.h">
      <Filter>헤더 파일</Filter>
    </ClInclude>
    <ClInclude Include="Include\yaml-cpp\noexcept.h">
      <Filter>헤더 파일</Filter>
    </ClInclude>
    <ClInclude Include="Include\yaml-cpp\null.h">
      <Filter>헤더 파일</Filter>
    </ClInclude>
    <ClInclude Include="Include\yaml-cpp\ostream_wrapper.h">
      <Filter>헤더 파일</Filter>
    </ClInclude>
    <ClInclude Include="Include\yaml-cpp\parser.h">
      <Filter>헤더 파일</Filter>
    </ClInclude>
    <ClInclude Include="Include\yaml-cpp\stlemitter.h">
      <Filter>헤더 파일</Filter>
    </ClInclude>
    <ClInclude Include="Include\yaml-cpp\traits.h">
      <Filter>헤더 파일</Filter>
    </ClInclude>
    <ClInclude Include="Include\yaml-cpp\yaml.h">
      <Filter>헤더 파일</Filter>
    </ClInclude>
    <ClInclude Include="Engine\Buff\Buff.h">
      <Filter>헤더 파일</Filter>
    </ClInclude>
    <ClInclude Include="Engine\Buff\BuffManager.h">
      <Filter>헤더 파일</Filter>
    </ClInclude>
    <ClInclude Include="Engine\Buff\BuffStatBlock.h">
      <Filter>헤더 파일</Filter>
    </ClInclude>
    <ClInclude Include="Engine\DataManager.h">
      <Filter>헤더 파일</Filter>
    </ClInclude>
    <ClInclude Include="Engine\FunctionMacros.h">
      <Filter>헤더 파일</Filter>
    </ClInclude>
    <ClInclude Include="Engine\KeyMapping.h">
      <Filter>헤더 파일</Filter>
    </ClInclude>
    <ClInclude Include="Engine\Map\MapObjects\DroppedItem.h">
      <Filter>헤더 파일</Filter>
    </ClInclude>
    <ClInclude Include="Engine\Map\MapObjects\ProjectileObject.h">
      <Filter>헤더 파일</Filter>
    </ClInclude>
    <ClInclude Include="Engine\Map\PlayerCharacter.h">
      <Filter>헤더 파일</Filter>
    </ClInclude>
    <ClInclude Include="Engine\Map\Portal.h">
      <Filter>헤더 파일</Filter>
    </ClInclude>
    <ClInclude Include="Engine\Map\SpawnPoint.h">
      <Filter>헤더 파일</Filter>
    </ClInclude>
    <ClInclude Include="Engine\Session\Party.h">
      <Filter>헤더 파일</Filter>
    </ClInclude>
    <ClInclude Include="Engine\Session\PartyManager.h">
      <Filter>헤더 파일</Filter>
    </ClInclude>
    <ClInclude Include="Engine\Session\Player\Inventory\EquipItem.h">
      <Filter>헤더 파일</Filter>
    </ClInclude>
    <ClInclude Include="Engine\Session\Player\Inventory\Item.h">
      <Filter>헤더 파일</Filter>
    </ClInclude>
    <ClInclude Include="Engine\Skill\AttackChain.h">
      <Filter>헤더 파일</Filter>
    </ClInclude>
    <ClInclude Include="Engine\Skill\AttackEffect.h">
      <Filter>헤더 파일</Filter>
    </ClInclude>
    <ClInclude Include="Engine\Skill\AttackEffect\DamageEffect.h">
      <Filter>헤더 파일</Filter>
    </ClInclude>
    <ClInclude Include="Engine\Skill\SkillType\ActiveSkill.h">
      <Filter>헤더 파일</Filter>
    </ClInclude>
    <ClInclude Include="Engine\Skill\SkillType\PasiveSkill.h">
      <Filter>헤더 파일</Filter>
    </ClInclude>
    <ClInclude Include="Engine\Skill\Skill.h">
      <Filter>헤더 파일</Filter>
    </ClInclude>
    <ClInclude Include="Engine\Skill\SkillManager.h">
      <Filter>헤더 파일</Filter>
    </ClInclude>
    <ClInclude Include="Engine\Utils\TimedBool.h">
      <Filter>헤더 파일</Filter>
    </ClInclude>
    <ClInclude Include="Engine\Card\CardManager.h">
      <Filter>헤더 파일</Filter>
    </ClInclude>
    <ClInclude Include="Include\exprtk.hpp">
      <Filter>헤더 파일</Filter>
    </ClInclude>
    <ClInclude Include="Include\uuid.h">
      <Filter>헤더 파일</Filter>
    </ClInclude>
  </ItemGroup>
</Project>