<?xml version="1.0" encoding="utf-8"?>
<Project ToolsVersion="4.0" xmlns="http://schemas.microsoft.com/developer/msbuild/2003">
  <ItemGroup>
    <Filter Include="리소스 파일">
      <UniqueIdentifier>{67DA6AB6-F800-4c08-8B7A-83BB121AAD01}</UniqueIdentifier>
      <Extensions>rc;ico;cur;bmp;dlg;rc2;rct;bin;rgs;gif;jpg;jpeg;jpe;resx;tiff;tif;png;wav;mfcribbon-ms</Extensions>
    </Filter>
    <Filter Include="MySQLHeaderFile">
      <UniqueIdentifier>{5e94688f-90f5-4170-ae02-6791c1a278d2}</UniqueIdentifier>
    </Filter>
    <Filter Include="Network">
      <UniqueIdentifier>{091530a2-2ff6-4df6-b244-6db987afe49f}</UniqueIdentifier>
    </Filter>
    <Filter Include="Job">
      <UniqueIdentifier>{f2af310a-da25-4e0e-b389-db90f3e7c794}</UniqueIdentifier>
    </Filter>
    <Filter Include="Thread">
      <UniqueIdentifier>{fda1df67-9a4c-451d-88fc-6192cf2efd61}</UniqueIdentifier>
    </Filter>
    <Filter Include="Util">
      <UniqueIdentifier>{0c75fff9-5416-4e9e-83e1-ffa1e9e51003}</UniqueIdentifier>
    </Filter>
    <Filter Include="Content">
      <UniqueIdentifier>{76158cc4-bff0-4d3e-af4b-2b686d66035c}</UniqueIdentifier>
    </Filter>
  </ItemGroup>
  <ItemGroup>
    <ClCompile Include="Server.cpp" />
    <ClCompile Include="Util\CoreGlobal.cpp">
      <Filter>Util</Filter>
    </ClCompile>
    <ClCompile Include="Util\CoreTLS.cpp">
      <Filter>Util</Filter>
    </ClCompile>
    <ClCompile Include="Util\LockQueue.cpp">
      <Filter>Util</Filter>
    </ClCompile>
    <ClCompile Include="Job\GlobalQueue.cpp">
      <Filter>Job</Filter>
    </ClCompile>
    <ClCompile Include="Job\Job.cpp">
      <Filter>Job</Filter>
    </ClCompile>
    <ClCompile Include="Job\JobQueue.cpp">
      <Filter>Job</Filter>
    </ClCompile>
    <ClCompile Include="Job\JobTimer.cpp">
      <Filter>Job</Filter>
    </ClCompile>
    <ClCompile Include="Network\IocpCore.cpp">
      <Filter>Network</Filter>
    </ClCompile>
    <ClCompile Include="Network\IocpEvent.cpp">
      <Filter>Network</Filter>
    </ClCompile>
    <ClCompile Include="Network\Listener.cpp">
      <Filter>Network</Filter>
    </ClCompile>
    <ClCompile Include="Network\NetworkConnector.cpp">
      <Filter>Network</Filter>
    </ClCompile>
    <ClCompile Include="Network\Service.cpp">
      <Filter>Network</Filter>
    </ClCompile>
    <ClCompile Include="Network\Session.cpp">
      <Filter>Network</Filter>
    </ClCompile>
    <ClCompile Include="Network\SocketUtils.cpp">
      <Filter>Network</Filter>
    </ClCompile>
    <ClCompile Include="pch.cpp" />
    <ClCompile Include="Thread\Lock.cpp">
      <Filter>Thread</Filter>
    </ClCompile>
    <ClCompile Include="Thread\ThreadManager.cpp">
      <Filter>Thread</Filter>
    </ClCompile>
    <ClCompile Include="Util\DeSerializer.cpp">
      <Filter>Util</Filter>
    </ClCompile>
    <ClCompile Include="Util\RecvBuffer.cpp">
      <Filter>Util</Filter>
    </ClCompile>
    <ClCompile Include="Util\SendBuffer.cpp">
      <Filter>Util</Filter>
    </ClCompile>
    <ClCompile Include="Util\Serializer.cpp">
      <Filter>Util</Filter>
    </ClCompile>
    <ClCompile Include="Network\Packet.cpp">
      <Filter>Network</Filter>
    </ClCompile>
    <ClCompile Include="Content\ClientPacketHandler.cpp">
      <Filter>Content</Filter>
    </ClCompile>
    <ClCompile Include="Content\GameSession.cpp">
      <Filter>Content</Filter>
    </ClCompile>
    <ClCompile Include="Content\GameSessionManager.cpp">
      <Filter>Content</Filter>
    </ClCompile>
  </ItemGroup>
  <ItemGroup>
    <ClInclude Include="Include\mysqlx\common\api.h">
      <Filter>MySQLHeaderFile</Filter>
    </ClInclude>
    <ClInclude Include="Include\mysqlx\xdevapi.h">
      <Filter>MySQLHeaderFile</Filter>
    </ClInclude>
    <ClInclude Include="Include\jdbc\cppconn\build_config.h">
      <Filter>MySQLHeaderFile</Filter>
    </ClInclude>
    <ClInclude Include="Include\jdbc\cppconn\callback.h">
      <Filter>MySQLHeaderFile</Filter>
    </ClInclude>
    <ClInclude Include="Include\mysqlx\devapi\collations.h">
      <Filter>MySQLHeaderFile</Filter>
    </ClInclude>
    <ClInclude Include="Include\mysqlx\devapi\collection_crud.h">
      <Filter>MySQLHeaderFile</Filter>
    </ClInclude>
    <ClInclude Include="Include\mysqlx\devapi\common.h">
      <Filter>MySQLHeaderFile</Filter>
    </ClInclude>
    <ClInclude Include="Include\mysqlx\common.h">
      <Filter>MySQLHeaderFile</Filter>
    </ClInclude>
    <ClInclude Include="Include\mysqlx\common_constants.h">
      <Filter>MySQLHeaderFile</Filter>
    </ClInclude>
    <ClInclude Include="Include\jdbc\cppconn\config.h">
      <Filter>MySQLHeaderFile</Filter>
    </ClInclude>
    <ClInclude Include="Include\jdbc\cppconn\connection.h">
      <Filter>MySQLHeaderFile</Filter>
    </ClInclude>
    <ClInclude Include="Include\mysqlx\devapi\detail\crud.h">
      <Filter>MySQLHeaderFile</Filter>
    </ClInclude>
    <ClInclude Include="Include\mysqlx\devapi\crud.h">
      <Filter>MySQLHeaderFile</Filter>
    </ClInclude>
    <ClInclude Include="Include\jdbc\cppconn\datatype.h">
      <Filter>MySQLHeaderFile</Filter>
    </ClInclude>
    <ClInclude Include="Include\mysqlx\devapi\document.h">
      <Filter>MySQLHeaderFile</Filter>
    </ClInclude>
    <ClInclude Include="Include\jdbc\cppconn\driver.h">
      <Filter>MySQLHeaderFile</Filter>
    </ClInclude>
    <ClInclude Include="Include\mysqlx\common\error.h">
      <Filter>MySQLHeaderFile</Filter>
    </ClInclude>
    <ClInclude Include="Include\mysqlx\devapi\error.h">
      <Filter>MySQLHeaderFile</Filter>
    </ClInclude>
    <ClInclude Include="Include\mysqlx\devapi\detail\error.h">
      <Filter>MySQLHeaderFile</Filter>
    </ClInclude>
    <ClInclude Include="Include\jdbc\cppconn\exception.h">
      <Filter>MySQLHeaderFile</Filter>
    </ClInclude>
    <ClInclude Include="Include\mysqlx\devapi\executable.h">
      <Filter>MySQLHeaderFile</Filter>
    </ClInclude>
    <ClInclude Include="Include\mysql\jdbc.h">
      <Filter>MySQLHeaderFile</Filter>
    </ClInclude>
    <ClInclude Include="Include\jdbc\cppconn\metadata.h">
      <Filter>MySQLHeaderFile</Filter>
    </ClInclude>
    <ClInclude Include="Include\mysqlx\devapi\mysql_charsets.h">
      <Filter>MySQLHeaderFile</Filter>
    </ClInclude>
    <ClInclude Include="Include\mysqlx\devapi\mysql_collations.h">
      <Filter>MySQLHeaderFile</Filter>
    </ClInclude>
    <ClInclude Include="Include\jdbc\mysql_connection.h">
      <Filter>MySQLHeaderFile</Filter>
    </ClInclude>
    <ClInclude Include="Include\jdbc\mysql_driver.h">
      <Filter>MySQLHeaderFile</Filter>
    </ClInclude>
    <ClInclude Include="Include\jdbc\mysql_error.h">
      <Filter>MySQLHeaderFile</Filter>
    </ClInclude>
    <ClInclude Include="Include\mysqlx\common\op_if.h">
      <Filter>MySQLHeaderFile</Filter>
    </ClInclude>
    <ClInclude Include="Include\jdbc\cppconn\parameter_metadata.h">
      <Filter>MySQLHeaderFile</Filter>
    </ClInclude>
    <ClInclude Include="Include\jdbc\cppconn\prepared_statement.h">
      <Filter>MySQLHeaderFile</Filter>
    </ClInclude>
    <ClInclude Include="Include\mysqlx\devapi\result.h">
      <Filter>MySQLHeaderFile</Filter>
    </ClInclude>
    <ClInclude Include="Include\mysqlx\devapi\detail\result.h">
      <Filter>MySQLHeaderFile</Filter>
    </ClInclude>
    <ClInclude Include="Include\jdbc\cppconn\resultset.h">
      <Filter>MySQLHeaderFile</Filter>
    </ClInclude>
    <ClInclude Include="Include\jdbc\cppconn\resultset_metadata.h">
      <Filter>MySQLHeaderFile</Filter>
    </ClInclude>
    <ClInclude Include="Include\mysqlx\devapi\detail\row.h">
      <Filter>MySQLHeaderFile</Filter>
    </ClInclude>
    <ClInclude Include="Include\mysqlx\devapi\row.h">
      <Filter>MySQLHeaderFile</Filter>
    </ClInclude>
    <ClInclude Include="Include\mysqlx\devapi\detail\session.h">
      <Filter>MySQLHeaderFile</Filter>
    </ClInclude>
    <ClInclude Include="Include\mysqlx\devapi\detail\settings.h">
      <Filter>MySQLHeaderFile</Filter>
    </ClInclude>
    <ClInclude Include="Include\mysqlx\common\settings.h">
      <Filter>MySQLHeaderFile</Filter>
    </ClInclude>
    <ClInclude Include="Include\mysqlx\devapi\settings.h">
      <Filter>MySQLHeaderFile</Filter>
    </ClInclude>
    <ClInclude Include="Include\jdbc\cppconn\sqlstring.h">
      <Filter>MySQLHeaderFile</Filter>
    </ClInclude>
    <ClInclude Include="Include\jdbc\cppconn\statement.h">
      <Filter>MySQLHeaderFile</Filter>
    </ClInclude>
    <ClInclude Include="Include\mysqlx\devapi\table_crud.h">
      <Filter>MySQLHeaderFile</Filter>
    </ClInclude>
    <ClInclude Include="Include\mysqlx\common\util.h">
      <Filter>MySQLHeaderFile</Filter>
    </ClInclude>
    <ClInclude Include="Include\mysqlx\common\value.h">
      <Filter>MySQLHeaderFile</Filter>
    </ClInclude>
    <ClInclude Include="Include\jdbc\cppconn\variant.h">
      <Filter>MySQLHeaderFile</Filter>
    </ClInclude>
    <ClInclude Include="Include\jdbc\cppconn\version_info.h">
      <Filter>MySQLHeaderFile</Filter>
    </ClInclude>
    <ClInclude Include="Include\mysqlx\version_info.h">
      <Filter>MySQLHeaderFile</Filter>
    </ClInclude>
    <ClInclude Include="Include\jdbc\cppconn\warning.h">
      <Filter>MySQLHeaderFile</Filter>
    </ClInclude>
    <ClInclude Include="Include\mysqlx\xapi.h">
      <Filter>MySQLHeaderFile</Filter>
    </ClInclude>
    <ClInclude Include="Util\CoreGlobal.h">
      <Filter>Util</Filter>
    </ClInclude>
    <ClInclude Include="Util\CoreMacro.h">
      <Filter>Util</Filter>
    </ClInclude>
    <ClInclude Include="Util\CoreTLS.h">
      <Filter>Util</Filter>
    </ClInclude>
    <ClInclude Include="Util\LockQueue.h">
      <Filter>Util</Filter>
    </ClInclude>
    <ClInclude Include="Job\GlobalQueue.h">
      <Filter>Job</Filter>
    </ClInclude>
    <ClInclude Include="Job\Job.h">
      <Filter>Job</Filter>
    </ClInclude>
    <ClInclude Include="Job\JobQueue.h">
      <Filter>Job</Filter>
    </ClInclude>
    <ClInclude Include="Job\JobTimer.h">
      <Filter>Job</Filter>
    </ClInclude>
    <ClInclude Include="Network\IocpCore.h">
      <Filter>Network</Filter>
    </ClInclude>
    <ClInclude Include="Network\IocpEvent.h">
      <Filter>Network</Filter>
    </ClInclude>
    <ClInclude Include="Network\Listener.h">
      <Filter>Network</Filter>
    </ClInclude>
    <ClInclude Include="Network\NetworkConnector.h">
      <Filter>Network</Filter>
    </ClInclude>
    <ClInclude Include="Network\Service.h">
      <Filter>Network</Filter>
    </ClInclude>
    <ClInclude Include="Network\Session.h">
      <Filter>Network</Filter>
    </ClInclude>
    <ClInclude Include="Network\SocketUtils.h">
      <Filter>Network</Filter>
    </ClInclude>
    <ClInclude Include="pch.h" />
    <ClInclude Include="Thread\Lock.h">
      <Filter>Thread</Filter>
    </ClInclude>
    <ClInclude Include="Thread\ThreadManager.h">
      <Filter>Thread</Filter>
    </ClInclude>
    <ClInclude Include="Util\DeSerializer.h">
      <Filter>Util</Filter>
    </ClInclude>
    <ClInclude Include="Util\RecvBuffer.h">
      <Filter>Util</Filter>
    </ClInclude>
    <ClInclude Include="Util\SendBuffer.h">
      <Filter>Util</Filter>
    </ClInclude>
    <ClInclude Include="Util\Serializer.h">
      <Filter>Util</Filter>
    </ClInclude>
    <ClInclude Include="Network\Packet.h">
      <Filter>Network</Filter>
    </ClInclude>
    <ClInclude Include="Content\ClientPacketHandler.h">
      <Filter>Content</Filter>
    </ClInclude>
    <ClInclude Include="Content\GameSession.h">
      <Filter>Content</Filter>
    </ClInclude>
    <ClInclude Include="Content\GameSessionManager.h">
      <Filter>Content</Filter>
    </ClInclude>
  </ItemGroup>
</Project>